// !$*UTF8*$!
{
	archiveVersion = 1;
	classes = {
	};
	objectVersion = 46;
	objects = {

/* Begin PBXBuildFile section */
		91F25869A5721F730D200532 /* libPods-SimpleWebe.a in Frameworks */ = {isa = PBXBuildFile; fileRef = 6FFD0D43CA74CB8D104CA76C /* libPods-SimpleWebe.a */; };
		E40717171C71B8AE002775FC /* SWCellLink.m in Sources */ = {isa = PBXBuildFile; fileRef = E40717161C71B8AE002775FC /* SWCellLink.m */; };
		E407171B1C71D654002775FC /* SWCommonItem.m in Sources */ = {isa = PBXBuildFile; fileRef = E407171A1C71D654002775FC /* SWCommonItem.m */; };
		E407171E1C71D675002775FC /* SWCommonGroup.m in Sources */ = {isa = PBXBuildFile; fileRef = E407171D1C71D675002775FC /* SWCommonGroup.m */; };
		E40717211C71DD1E002775FC /* SWCommonCell.m in Sources */ = {isa = PBXBuildFile; fileRef = E40717201C71DD1E002775FC /* SWCommonCell.m */; };
		E40717241C72C96C002775FC /* SWCommonArrowItem.m in Sources */ = {isa = PBXBuildFile; fileRef = E40717231C72C96C002775FC /* SWCommonArrowItem.m */; };
		E40717271C72C996002775FC /* SWCommonSwitchItem.m in Sources */ = {isa = PBXBuildFile; fileRef = E40717261C72C996002775FC /* SWCommonSwitchItem.m */; };
		E407172A1C72E4A9002775FC /* SWCommonLabelItem.m in Sources */ = {isa = PBXBuildFile; fileRef = E40717291C72E4A9002775FC /* SWCommonLabelItem.m */; };
		E407172D1C72EEF6002775FC /* SWBadgeView.m in Sources */ = {isa = PBXBuildFile; fileRef = E407172C1C72EEF6002775FC /* SWBadgeView.m */; };
		E40717301C730288002775FC /* SWCommonViewController.m in Sources */ = {isa = PBXBuildFile; fileRef = E407172F1C730288002775FC /* SWCommonViewController.m */; };
		E40717361C73049E002775FC /* SWSettingViewController.m in Sources */ = {isa = PBXBuildFile; fileRef = E40717351C73049E002775FC /* SWSettingViewController.m */; };
		E40717391C730527002775FC /* SWGeneralSettingViewController.m in Sources */ = {isa = PBXBuildFile; fileRef = E40717381C730527002775FC /* SWGeneralSettingViewController.m */; };
		E407173C1C7307CA002775FC /* SWCommonCenterItem.m in Sources */ = {isa = PBXBuildFile; fileRef = E407173B1C7307CA002775FC /* SWCommonCenterItem.m */; };
		E407173F1C7310F4002775FC /* SWStatusDetailViewController.m in Sources */ = {isa = PBXBuildFile; fileRef = E407173E1C7310F4002775FC /* SWStatusDetailViewController.m */; };
		E407174D1C73443D002775FC /* SWBaseToolbar.m in Sources */ = {isa = PBXBuildFile; fileRef = E40717481C73443D002775FC /* SWBaseToolbar.m */; };
		E407174F1C73443D002775FC /* SWStatusToolbar.m in Sources */ = {isa = PBXBuildFile; fileRef = E407174C1C73443D002775FC /* SWStatusToolbar.m */; };
		E4096FE01C4E70A70031299C /* SWStatusDetailView.m in Sources */ = {isa = PBXBuildFile; fileRef = E4096FDB1C4E70A70031299C /* SWStatusDetailView.m */; };
		E4096FE11C4E70A70031299C /* SWStatusTableViewCell.m in Sources */ = {isa = PBXBuildFile; fileRef = E4096FDD1C4E70A70031299C /* SWStatusTableViewCell.m */; };
		E4096FE51C4E71160031299C /* SWStatusOriginalView.m in Sources */ = {isa = PBXBuildFile; fileRef = E4096FE41C4E71160031299C /* SWStatusOriginalView.m */; };
		E4096FE81C4E712C0031299C /* SWStatusRetweetedView.m in Sources */ = {isa = PBXBuildFile; fileRef = E4096FE71C4E712C0031299C /* SWStatusRetweetedView.m */; };
		E40D1EFB1C5C7D4A00D0E758 /* SWEmotionGridView.m in Sources */ = {isa = PBXBuildFile; fileRef = E40D1EFA1C5C7D4A00D0E758 /* SWEmotionGridView.m */; };
		E40D1EFE1C5CE2AB00D0E758 /* NSString+Emoji.m in Sources */ = {isa = PBXBuildFile; fileRef = E40D1EFD1C5CE2AB00D0E758 /* NSString+Emoji.m */; };
		E40D1F011C5CFB0500D0E758 /* SWEmotionView.m in Sources */ = {isa = PBXBuildFile; fileRef = E40D1F001C5CFB0500D0E758 /* SWEmotionView.m */; };
		E40D1F041C5DA90E00D0E758 /* SWEmotionPopView.m in Sources */ = {isa = PBXBuildFile; fileRef = E40D1F031C5DA90E00D0E758 /* SWEmotionPopView.m */; };
		E40D1F061C5DA94200D0E758 /* SWEmotionPopView.xib in Resources */ = {isa = PBXBuildFile; fileRef = E40D1F051C5DA94200D0E758 /* SWEmotionPopView.xib */; };
		E40D1F0C1C5FA78200D0E758 /* SWEmotionTool.m in Sources */ = {isa = PBXBuildFile; fileRef = E40D1F0B1C5FA78200D0E758 /* SWEmotionTool.m */; };
		E40D1F0F1C62382500D0E758 /* SWEmotionTextView.m in Sources */ = {isa = PBXBuildFile; fileRef = E40D1F0E1C62382500D0E758 /* SWEmotionTextView.m */; };
		E412EDC91C68C5F600B6FF72 /* SWEmotionTextAttachment.m in Sources */ = {isa = PBXBuildFile; fileRef = E412EDC81C68C5F600B6FF72 /* SWEmotionTextAttachment.m */; };
		E412EDCC1C68CCF400B6FF72 /* SWRegexResult.m in Sources */ = {isa = PBXBuildFile; fileRef = E412EDCB1C68CCF400B6FF72 /* SWRegexResult.m */; };
		E41661FF1C51EB0D008AF523 /* UIImage+Extension.m in Sources */ = {isa = PBXBuildFile; fileRef = E41661FE1C51EB0D008AF523 /* UIImage+Extension.m */; };
		E419DD6B1C4F5B8000EEEFA9 /* SWStatusDetailFrame.m in Sources */ = {isa = PBXBuildFile; fileRef = E419DD6A1C4F5B8000EEEFA9 /* SWStatusDetailFrame.m */; };
		E419DD6E1C4FD49700EEEFA9 /* SWStatusRetweetedFrame.m in Sources */ = {isa = PBXBuildFile; fileRef = E419DD6D1C4FD49700EEEFA9 /* SWStatusRetweetedFrame.m */; };
		E41B06C71C3E7B370096B35A /* UIView+Extension.m in Sources */ = {isa = PBXBuildFile; fileRef = E41B06C61C3E7B370096B35A /* UIView+Extension.m */; };
		E41B06CA1C3E84540096B35A /* UIBarButtonItem+SWExtension.m in Sources */ = {isa = PBXBuildFile; fileRef = E41B06C91C3E84540096B35A /* UIBarButtonItem+SWExtension.m */; };
		E424A2181C590C3C00AFE2DA /* MJPhoto.m in Sources */ = {isa = PBXBuildFile; fileRef = E424A20A1C590C3C00AFE2DA /* MJPhoto.m */; };
		E424A2191C590C3C00AFE2DA /* MJPhotoBrowser.bundle in Resources */ = {isa = PBXBuildFile; fileRef = E424A20B1C590C3C00AFE2DA /* MJPhotoBrowser.bundle */; };
		E424A21A1C590C3C00AFE2DA /* MJPhotoBrowser.m in Sources */ = {isa = PBXBuildFile; fileRef = E424A20D1C590C3C00AFE2DA /* MJPhotoBrowser.m */; };
		E424A21B1C590C3C00AFE2DA /* MJPhotoLoadingView.m in Sources */ = {isa = PBXBuildFile; fileRef = E424A20F1C590C3C00AFE2DA /* MJPhotoLoadingView.m */; };
		E424A21C1C590C3C00AFE2DA /* MJPhotoProgressView.m in Sources */ = {isa = PBXBuildFile; fileRef = E424A2111C590C3C00AFE2DA /* MJPhotoProgressView.m */; };
		E424A21D1C590C3C00AFE2DA /* MJPhotoToolbar.m in Sources */ = {isa = PBXBuildFile; fileRef = E424A2131C590C3C00AFE2DA /* MJPhotoToolbar.m */; };
		E424A21E1C590C3C00AFE2DA /* MJPhotoView.m in Sources */ = {isa = PBXBuildFile; fileRef = E424A2151C590C3C00AFE2DA /* MJPhotoView.m */; };
		E424A21F1C590C3C00AFE2DA /* SDWebImageManager+MJ.m in Sources */ = {isa = PBXBuildFile; fileRef = E424A2171C590C3C00AFE2DA /* SDWebImageManager+MJ.m */; };
		E424A2261C5A228B00AFE2DA /* SWEmotionKeyboard.m in Sources */ = {isa = PBXBuildFile; fileRef = E424A2251C5A228B00AFE2DA /* SWEmotionKeyboard.m */; };
		E424A2291C5A293700AFE2DA /* SWEmotionListView.m in Sources */ = {isa = PBXBuildFile; fileRef = E424A2281C5A293700AFE2DA /* SWEmotionListView.m */; };
		E424A22C1C5A345500AFE2DA /* SWEmotionToolbar.m in Sources */ = {isa = PBXBuildFile; fileRef = E424A22B1C5A345500AFE2DA /* SWEmotionToolbar.m */; };
		E424A22F1C5A366700AFE2DA /* SWEmotion.m in Sources */ = {isa = PBXBuildFile; fileRef = E424A22E1C5A366700AFE2DA /* SWEmotion.m */; };
		E42560E71C4F3E6E002A34A4 /* SWStatusFrame.m in Sources */ = {isa = PBXBuildFile; fileRef = E42560E61C4F3E6E002A34A4 /* SWStatusFrame.m */; };
		E42560EA1C4F3ED4002A34A4 /* SWStatusOriginalFrame.m in Sources */ = {isa = PBXBuildFile; fileRef = E42560E91C4F3ED4002A34A4 /* SWStatusOriginalFrame.m */; };
		E42DC2251C7358A00076D34E /* SWStatusRetweetedToolbar.m in Sources */ = {isa = PBXBuildFile; fileRef = E42DC2241C7358A00076D34E /* SWStatusRetweetedToolbar.m */; };
		E42DC2281C7358B50076D34E /* SWStatusDetailBottomToolbar.m in Sources */ = {isa = PBXBuildFile; fileRef = E42DC2271C7358B50076D34E /* SWStatusDetailBottomToolbar.m */; };
		E42DC22B1C7359290076D34E /* SWStatusDetailTopToolbar.m in Sources */ = {isa = PBXBuildFile; fileRef = E42DC22A1C7359290076D34E /* SWStatusDetailTopToolbar.m */; };
		E42DC22D1C7362170076D34E /* SWStatusDetailTopToolbar.xib in Resources */ = {isa = PBXBuildFile; fileRef = E42DC22C1C7362170076D34E /* SWStatusDetailTopToolbar.xib */; };
		E42DC2341C74B1B40076D34E /* SWCommentsResult.m in Sources */ = {isa = PBXBuildFile; fileRef = E42DC2331C74B1B40076D34E /* SWCommentsResult.m */; };
		E42DC2371C74B21F0076D34E /* SWComment.m in Sources */ = {isa = PBXBuildFile; fileRef = E42DC2361C74B21F0076D34E /* SWComment.m */; };
		E42DC23A1C74B53C0076D34E /* SWCommentsParam.m in Sources */ = {isa = PBXBuildFile; fileRef = E42DC2391C74B53C0076D34E /* SWCommentsParam.m */; };
		E43DECB61C6AF80900D23F9E /* Assets.xcassets in Resources */ = {isa = PBXBuildFile; fileRef = E43DECB51C6AF80900D23F9E /* Assets.xcassets */; };
		E43DECB91C6F5F6000D23F9E /* SWStatusLabel.m in Sources */ = {isa = PBXBuildFile; fileRef = E43DECB81C6F5F6000D23F9E /* SWStatusLabel.m */; };
		E448407F1C4138660088975D /* SWOAuthViewController.m in Sources */ = {isa = PBXBuildFile; fileRef = E448407E1C4138660088975D /* SWOAuthViewController.m */; };
		E46E8F4A1C6AD54D00BA43CA /* EmotionIcons in Resources */ = {isa = PBXBuildFile; fileRef = E46E8F491C6AD54D00BA43CA /* EmotionIcons */; };
		E46F2E141C45F8FF008A10BA /* SWTextView.m in Sources */ = {isa = PBXBuildFile; fileRef = E46F2E131C45F8FF008A10BA /* SWTextView.m */; };
		E4727B851C44C9EA00DF6CAC /* SWPhoto.m in Sources */ = {isa = PBXBuildFile; fileRef = E4727B841C44C9EA00DF6CAC /* SWPhoto.m */; };
		E4749FC21C40B962000593C4 /* SWTabBar.m in Sources */ = {isa = PBXBuildFile; fileRef = E4749FC11C40B962000593C4 /* SWTabBar.m */; };
		E4749FC91C40CA49000593C4 /* SWComposeViewController.m in Sources */ = {isa = PBXBuildFile; fileRef = E4749FC81C40CA49000593C4 /* SWComposeViewController.m */; };
		E4755DB71C44ACAF00625D66 /* SWUser.m in Sources */ = {isa = PBXBuildFile; fileRef = E4755DB61C44ACAF00625D66 /* SWUser.m */; };
		E4755DBA1C44AE9200625D66 /* SWStatus.m in Sources */ = {isa = PBXBuildFile; fileRef = E4755DB91C44AE9200625D66 /* SWStatus.m */; };
		E491EF761C47DFAD008F2EF6 /* SWComposePhotosView.m in Sources */ = {isa = PBXBuildFile; fileRef = E491EF751C47DFAD008F2EF6 /* SWComposePhotosView.m */; };
		E491EF791C49EA07008F2EF6 /* SWHttpTool.m in Sources */ = {isa = PBXBuildFile; fileRef = E491EF781C49EA07008F2EF6 /* SWHttpTool.m */; };
		E491EF7C1C4BCB73008F2EF6 /* SWStatusTool.m in Sources */ = {isa = PBXBuildFile; fileRef = E491EF7B1C4BCB73008F2EF6 /* SWStatusTool.m */; };
		E491EF911C4C9EB7008F2EF6 /* SWUserTool.m in Sources */ = {isa = PBXBuildFile; fileRef = E491EF901C4C9EB7008F2EF6 /* SWUserTool.m */; };
		E491EF9D1C4CF145008F2EF6 /* SWBaseTool.m in Sources */ = {isa = PBXBuildFile; fileRef = E491EF9C1C4CF145008F2EF6 /* SWBaseTool.m */; };
		E491EFB51C4D0E93008F2EF6 /* SWAccessTokenParam.m in Sources */ = {isa = PBXBuildFile; fileRef = E491EFA31C4D0E93008F2EF6 /* SWAccessTokenParam.m */; };
		E491EFB61C4D0E93008F2EF6 /* SWAccount.m in Sources */ = {isa = PBXBuildFile; fileRef = E491EFA51C4D0E93008F2EF6 /* SWAccount.m */; };
		E491EFB71C4D0E93008F2EF6 /* SWHomeStatusesParam.m in Sources */ = {isa = PBXBuildFile; fileRef = E491EFA81C4D0E93008F2EF6 /* SWHomeStatusesParam.m */; };
		E491EFB81C4D0E93008F2EF6 /* SWHomeStatusesResult.m in Sources */ = {isa = PBXBuildFile; fileRef = E491EFAA1C4D0E93008F2EF6 /* SWHomeStatusesResult.m */; };
		E491EFB91C4D0E93008F2EF6 /* SWSendStatusParam.m in Sources */ = {isa = PBXBuildFile; fileRef = E491EFAD1C4D0E93008F2EF6 /* SWSendStatusParam.m */; };
		E491EFBA1C4D0E93008F2EF6 /* SWSendStatusResult.m in Sources */ = {isa = PBXBuildFile; fileRef = E491EFAF1C4D0E93008F2EF6 /* SWSendStatusResult.m */; };
		E491EFBB1C4D0E93008F2EF6 /* SWUserInfoParam.m in Sources */ = {isa = PBXBuildFile; fileRef = E491EFB21C4D0E93008F2EF6 /* SWUserInfoParam.m */; };
		E491EFBC1C4D0E93008F2EF6 /* SWUserInfoResult.m in Sources */ = {isa = PBXBuildFile; fileRef = E491EFB41C4D0E93008F2EF6 /* SWUserInfoResult.m */; };
		E491EFBF1C4D116A008F2EF6 /* SWBaseParam.m in Sources */ = {isa = PBXBuildFile; fileRef = E491EFBE1C4D116A008F2EF6 /* SWBaseParam.m */; };
		E491EFC31C4D164D008F2EF6 /* SWUnreadCountParam.m in Sources */ = {isa = PBXBuildFile; fileRef = E491EFC21C4D164D008F2EF6 /* SWUnreadCountParam.m */; };
		E491EFC61C4D16BC008F2EF6 /* SWUnreadCountResult.m in Sources */ = {isa = PBXBuildFile; fileRef = E491EFC51C4D16BC008F2EF6 /* SWUnreadCountResult.m */; };
		E4968E291C45387400CCE503 /* SWLoadMoreFooter.m in Sources */ = {isa = PBXBuildFile; fileRef = E4968E281C45387400CCE503 /* SWLoadMoreFooter.m */; };
		E4968E2B1C4538A700CCE503 /* SWLoadMoreFooter.xib in Resources */ = {isa = PBXBuildFile; fileRef = E4968E2A1C4538A700CCE503 /* SWLoadMoreFooter.xib */; };
		E499FCA41C4751F700CC3753 /* SWComposeToolbar.m in Sources */ = {isa = PBXBuildFile; fileRef = E499FCA31C4751F700CC3753 /* SWComposeToolbar.m */; };
		E4B2A4431C52625100396BCB /* NSDate+Extension.m in Sources */ = {isa = PBXBuildFile; fileRef = E4B2A4421C52625100396BCB /* NSDate+Extension.m */; };
		E4B2A4491C5496ED00396BCB /* SWStatusPhotosView.m in Sources */ = {isa = PBXBuildFile; fileRef = E4B2A4481C5496ED00396BCB /* SWStatusPhotosView.m */; };
		E4B2A44C1C54970E00396BCB /* SWStatusPhotoView.m in Sources */ = {isa = PBXBuildFile; fileRef = E4B2A44B1C54970E00396BCB /* SWStatusPhotoView.m */; };
		E4D43B471C42A4C1006ED4B3 /* SWControllerTool.m in Sources */ = {isa = PBXBuildFile; fileRef = E4D43B461C42A4C1006ED4B3 /* SWControllerTool.m */; };
		E4D43B4D1C43CD90006ED4B3 /* SWAccountTool.m in Sources */ = {isa = PBXBuildFile; fileRef = E4D43B4C1C43CD90006ED4B3 /* SWAccountTool.m */; };
		E4D43B4F1C43FF2F006ED4B3 /* Foundation+Log.m in Sources */ = {isa = PBXBuildFile; fileRef = E4D43B4E1C43FF2F006ED4B3 /* Foundation+Log.m */; };
		E4F472E41C3D277900DB75C6 /* SWTabBarViewController.m in Sources */ = {isa = PBXBuildFile; fileRef = E4F472E31C3D277900DB75C6 /* SWTabBarViewController.m */; };
		E4F472EA1C3D34BB00DB75C6 /* SWHomeTableViewController.m in Sources */ = {isa = PBXBuildFile; fileRef = E4F472E91C3D34BB00DB75C6 /* SWHomeTableViewController.m */; };
		E4F472ED1C3D34CA00DB75C6 /* SWMessageTableViewController.m in Sources */ = {isa = PBXBuildFile; fileRef = E4F472EC1C3D34CA00DB75C6 /* SWMessageTableViewController.m */; };
		E4F472F01C3D34DF00DB75C6 /* SWDiscoverTableViewController.m in Sources */ = {isa = PBXBuildFile; fileRef = E4F472EF1C3D34DF00DB75C6 /* SWDiscoverTableViewController.m */; };
		E4F472F31C3D34EE00DB75C6 /* SWProfileTableViewController.m in Sources */ = {isa = PBXBuildFile; fileRef = E4F472F21C3D34EE00DB75C6 /* SWProfileTableViewController.m */; };
		E4F472F61C3D3CFB00DB75C6 /* SWNavigationController.m in Sources */ = {isa = PBXBuildFile; fileRef = E4F472F51C3D3CFB00DB75C6 /* SWNavigationController.m */; };
		E4F987021C3D16B50078E1AA /* main.m in Sources */ = {isa = PBXBuildFile; fileRef = E4F987011C3D16B50078E1AA /* main.m */; };
		E4F987051C3D16B50078E1AA /* AppDelegate.m in Sources */ = {isa = PBXBuildFile; fileRef = E4F987041C3D16B50078E1AA /* AppDelegate.m */; };
		E4F987101C3D16B50078E1AA /* LaunchScreen.storyboard in Resources */ = {isa = PBXBuildFile; fileRef = E4F9870E1C3D16B50078E1AA /* LaunchScreen.storyboard */; };
		E4F9871B1C3D16B50078E1AA /* SimpleWebeTests.m in Sources */ = {isa = PBXBuildFile; fileRef = E4F9871A1C3D16B50078E1AA /* SimpleWebeTests.m */; };
		E4F987261C3D16B50078E1AA /* SimpleWebeUITests.m in Sources */ = {isa = PBXBuildFile; fileRef = E4F987251C3D16B50078E1AA /* SimpleWebeUITests.m */; };
/* End PBXBuildFile section */

/* Begin PBXContainerItemProxy section */
		E4F987171C3D16B50078E1AA /* PBXContainerItemProxy */ = {
			isa = PBXContainerItemProxy;
			containerPortal = E4F986F51C3D16B50078E1AA /* Project object */;
			proxyType = 1;
			remoteGlobalIDString = E4F986FC1C3D16B50078E1AA;
			remoteInfo = SimpleWebe;
		};
		E4F987221C3D16B50078E1AA /* PBXContainerItemProxy */ = {
			isa = PBXContainerItemProxy;
			containerPortal = E4F986F51C3D16B50078E1AA /* Project object */;
			proxyType = 1;
			remoteGlobalIDString = E4F986FC1C3D16B50078E1AA;
			remoteInfo = SimpleWebe;
		};
/* End PBXContainerItemProxy section */

/* Begin PBXFileReference section */
		60593868B78F5CAD0E6CB029 /* Pods-SimpleWebe.debug.xcconfig */ = {isa = PBXFileReference; includeInIndex = 1; lastKnownFileType = text.xcconfig; name = "Pods-SimpleWebe.debug.xcconfig"; path = "Pods/Target Support Files/Pods-SimpleWebe/Pods-SimpleWebe.debug.xcconfig"; sourceTree = "<group>"; };
		6FFD0D43CA74CB8D104CA76C /* libPods-SimpleWebe.a */ = {isa = PBXFileReference; explicitFileType = archive.ar; includeInIndex = 0; path = "libPods-SimpleWebe.a"; sourceTree = BUILT_PRODUCTS_DIR; };
		D6CF028E984F43FCC90CB5D2 /* Pods-SimpleWebe.release.xcconfig */ = {isa = PBXFileReference; includeInIndex = 1; lastKnownFileType = text.xcconfig; name = "Pods-SimpleWebe.release.xcconfig"; path = "Pods/Target Support Files/Pods-SimpleWebe/Pods-SimpleWebe.release.xcconfig"; sourceTree = "<group>"; };
		E40717151C71B8AE002775FC /* SWCellLink.h */ = {isa = PBXFileReference; fileEncoding = 4; lastKnownFileType = sourcecode.c.h; path = SWCellLink.h; sourceTree = "<group>"; };
		E40717161C71B8AE002775FC /* SWCellLink.m */ = {isa = PBXFileReference; fileEncoding = 4; lastKnownFileType = sourcecode.c.objc; path = SWCellLink.m; sourceTree = "<group>"; };
		E40717191C71D654002775FC /* SWCommonItem.h */ = {isa = PBXFileReference; fileEncoding = 4; lastKnownFileType = sourcecode.c.h; path = SWCommonItem.h; sourceTree = "<group>"; };
		E407171A1C71D654002775FC /* SWCommonItem.m */ = {isa = PBXFileReference; fileEncoding = 4; lastKnownFileType = sourcecode.c.objc; path = SWCommonItem.m; sourceTree = "<group>"; };
		E407171C1C71D675002775FC /* SWCommonGroup.h */ = {isa = PBXFileReference; fileEncoding = 4; lastKnownFileType = sourcecode.c.h; path = SWCommonGroup.h; sourceTree = "<group>"; };
		E407171D1C71D675002775FC /* SWCommonGroup.m */ = {isa = PBXFileReference; fileEncoding = 4; lastKnownFileType = sourcecode.c.objc; path = SWCommonGroup.m; sourceTree = "<group>"; };
		E407171F1C71DD1E002775FC /* SWCommonCell.h */ = {isa = PBXFileReference; fileEncoding = 4; lastKnownFileType = sourcecode.c.h; path = SWCommonCell.h; sourceTree = "<group>"; };
		E40717201C71DD1E002775FC /* SWCommonCell.m */ = {isa = PBXFileReference; fileEncoding = 4; lastKnownFileType = sourcecode.c.objc; path = SWCommonCell.m; sourceTree = "<group>"; };
		E40717221C72C96C002775FC /* SWCommonArrowItem.h */ = {isa = PBXFileReference; fileEncoding = 4; lastKnownFileType = sourcecode.c.h; path = SWCommonArrowItem.h; sourceTree = "<group>"; };
		E40717231C72C96C002775FC /* SWCommonArrowItem.m */ = {isa = PBXFileReference; fileEncoding = 4; lastKnownFileType = sourcecode.c.objc; path = SWCommonArrowItem.m; sourceTree = "<group>"; };
		E40717251C72C996002775FC /* SWCommonSwitchItem.h */ = {isa = PBXFileReference; fileEncoding = 4; lastKnownFileType = sourcecode.c.h; path = SWCommonSwitchItem.h; sourceTree = "<group>"; };
		E40717261C72C996002775FC /* SWCommonSwitchItem.m */ = {isa = PBXFileReference; fileEncoding = 4; lastKnownFileType = sourcecode.c.objc; path = SWCommonSwitchItem.m; sourceTree = "<group>"; };
		E40717281C72E4A9002775FC /* SWCommonLabelItem.h */ = {isa = PBXFileReference; fileEncoding = 4; lastKnownFileType = sourcecode.c.h; path = SWCommonLabelItem.h; sourceTree = "<group>"; };
		E40717291C72E4A9002775FC /* SWCommonLabelItem.m */ = {isa = PBXFileReference; fileEncoding = 4; lastKnownFileType = sourcecode.c.objc; path = SWCommonLabelItem.m; sourceTree = "<group>"; };
		E407172B1C72EEF6002775FC /* SWBadgeView.h */ = {isa = PBXFileReference; fileEncoding = 4; lastKnownFileType = sourcecode.c.h; path = SWBadgeView.h; sourceTree = "<group>"; };
		E407172C1C72EEF6002775FC /* SWBadgeView.m */ = {isa = PBXFileReference; fileEncoding = 4; lastKnownFileType = sourcecode.c.objc; path = SWBadgeView.m; sourceTree = "<group>"; };
		E407172E1C730288002775FC /* SWCommonViewController.h */ = {isa = PBXFileReference; fileEncoding = 4; lastKnownFileType = sourcecode.c.h; path = SWCommonViewController.h; sourceTree = "<group>"; };
		E407172F1C730288002775FC /* SWCommonViewController.m */ = {isa = PBXFileReference; fileEncoding = 4; lastKnownFileType = sourcecode.c.objc; path = SWCommonViewController.m; sourceTree = "<group>"; };
		E40717341C73049E002775FC /* SWSettingViewController.h */ = {isa = PBXFileReference; fileEncoding = 4; lastKnownFileType = sourcecode.c.h; path = SWSettingViewController.h; sourceTree = "<group>"; };
		E40717351C73049E002775FC /* SWSettingViewController.m */ = {isa = PBXFileReference; fileEncoding = 4; lastKnownFileType = sourcecode.c.objc; path = SWSettingViewController.m; sourceTree = "<group>"; };
		E40717371C730527002775FC /* SWGeneralSettingViewController.h */ = {isa = PBXFileReference; fileEncoding = 4; lastKnownFileType = sourcecode.c.h; path = SWGeneralSettingViewController.h; sourceTree = "<group>"; };
		E40717381C730527002775FC /* SWGeneralSettingViewController.m */ = {isa = PBXFileReference; fileEncoding = 4; lastKnownFileType = sourcecode.c.objc; path = SWGeneralSettingViewController.m; sourceTree = "<group>"; };
		E407173A1C7307CA002775FC /* SWCommonCenterItem.h */ = {isa = PBXFileReference; fileEncoding = 4; lastKnownFileType = sourcecode.c.h; path = SWCommonCenterItem.h; sourceTree = "<group>"; };
		E407173B1C7307CA002775FC /* SWCommonCenterItem.m */ = {isa = PBXFileReference; fileEncoding = 4; lastKnownFileType = sourcecode.c.objc; path = SWCommonCenterItem.m; sourceTree = "<group>"; };
		E407173D1C7310F4002775FC /* SWStatusDetailViewController.h */ = {isa = PBXFileReference; fileEncoding = 4; lastKnownFileType = sourcecode.c.h; path = SWStatusDetailViewController.h; sourceTree = "<group>"; };
		E407173E1C7310F4002775FC /* SWStatusDetailViewController.m */ = {isa = PBXFileReference; fileEncoding = 4; lastKnownFileType = sourcecode.c.objc; path = SWStatusDetailViewController.m; sourceTree = "<group>"; };
		E40717471C73443D002775FC /* SWBaseToolbar.h */ = {isa = PBXFileReference; fileEncoding = 4; lastKnownFileType = sourcecode.c.h; path = SWBaseToolbar.h; sourceTree = "<group>"; };
		E40717481C73443D002775FC /* SWBaseToolbar.m */ = {isa = PBXFileReference; fileEncoding = 4; lastKnownFileType = sourcecode.c.objc; path = SWBaseToolbar.m; sourceTree = "<group>"; };
		E407174B1C73443D002775FC /* SWStatusToolbar.h */ = {isa = PBXFileReference; fileEncoding = 4; lastKnownFileType = sourcecode.c.h; path = SWStatusToolbar.h; sourceTree = "<group>"; };
		E407174C1C73443D002775FC /* SWStatusToolbar.m */ = {isa = PBXFileReference; fileEncoding = 4; lastKnownFileType = sourcecode.c.objc; path = SWStatusToolbar.m; sourceTree = "<group>"; };
		E4096FDA1C4E70A70031299C /* SWStatusDetailView.h */ = {isa = PBXFileReference; fileEncoding = 4; lastKnownFileType = sourcecode.c.h; path = SWStatusDetailView.h; sourceTree = "<group>"; };
		E4096FDB1C4E70A70031299C /* SWStatusDetailView.m */ = {isa = PBXFileReference; fileEncoding = 4; lastKnownFileType = sourcecode.c.objc; path = SWStatusDetailView.m; sourceTree = "<group>"; };
		E4096FDC1C4E70A70031299C /* SWStatusTableViewCell.h */ = {isa = PBXFileReference; fileEncoding = 4; lastKnownFileType = sourcecode.c.h; path = SWStatusTableViewCell.h; sourceTree = "<group>"; };
		E4096FDD1C4E70A70031299C /* SWStatusTableViewCell.m */ = {isa = PBXFileReference; fileEncoding = 4; lastKnownFileType = sourcecode.c.objc; path = SWStatusTableViewCell.m; sourceTree = "<group>"; };
		E4096FE31C4E71160031299C /* SWStatusOriginalView.h */ = {isa = PBXFileReference; fileEncoding = 4; lastKnownFileType = sourcecode.c.h; path = SWStatusOriginalView.h; sourceTree = "<group>"; };
		E4096FE41C4E71160031299C /* SWStatusOriginalView.m */ = {isa = PBXFileReference; fileEncoding = 4; lastKnownFileType = sourcecode.c.objc; path = SWStatusOriginalView.m; sourceTree = "<group>"; };
		E4096FE61C4E712C0031299C /* SWStatusRetweetedView.h */ = {isa = PBXFileReference; fileEncoding = 4; lastKnownFileType = sourcecode.c.h; path = SWStatusRetweetedView.h; sourceTree = "<group>"; };
		E4096FE71C4E712C0031299C /* SWStatusRetweetedView.m */ = {isa = PBXFileReference; fileEncoding = 4; lastKnownFileType = sourcecode.c.objc; path = SWStatusRetweetedView.m; sourceTree = "<group>"; };
		E40D1EF91C5C7D4A00D0E758 /* SWEmotionGridView.h */ = {isa = PBXFileReference; fileEncoding = 4; lastKnownFileType = sourcecode.c.h; path = SWEmotionGridView.h; sourceTree = "<group>"; };
		E40D1EFA1C5C7D4A00D0E758 /* SWEmotionGridView.m */ = {isa = PBXFileReference; fileEncoding = 4; lastKnownFileType = sourcecode.c.objc; path = SWEmotionGridView.m; sourceTree = "<group>"; };
		E40D1EFC1C5CE2AB00D0E758 /* NSString+Emoji.h */ = {isa = PBXFileReference; fileEncoding = 4; lastKnownFileType = sourcecode.c.h; path = "NSString+Emoji.h"; sourceTree = "<group>"; };
		E40D1EFD1C5CE2AB00D0E758 /* NSString+Emoji.m */ = {isa = PBXFileReference; fileEncoding = 4; lastKnownFileType = sourcecode.c.objc; path = "NSString+Emoji.m"; sourceTree = "<group>"; };
		E40D1EFF1C5CFB0500D0E758 /* SWEmotionView.h */ = {isa = PBXFileReference; fileEncoding = 4; lastKnownFileType = sourcecode.c.h; path = SWEmotionView.h; sourceTree = "<group>"; };
		E40D1F001C5CFB0500D0E758 /* SWEmotionView.m */ = {isa = PBXFileReference; fileEncoding = 4; lastKnownFileType = sourcecode.c.objc; path = SWEmotionView.m; sourceTree = "<group>"; };
		E40D1F021C5DA90E00D0E758 /* SWEmotionPopView.h */ = {isa = PBXFileReference; fileEncoding = 4; lastKnownFileType = sourcecode.c.h; path = SWEmotionPopView.h; sourceTree = "<group>"; };
		E40D1F031C5DA90E00D0E758 /* SWEmotionPopView.m */ = {isa = PBXFileReference; fileEncoding = 4; lastKnownFileType = sourcecode.c.objc; path = SWEmotionPopView.m; sourceTree = "<group>"; };
		E40D1F051C5DA94200D0E758 /* SWEmotionPopView.xib */ = {isa = PBXFileReference; fileEncoding = 4; lastKnownFileType = file.xib; path = SWEmotionPopView.xib; sourceTree = "<group>"; };
		E40D1F0A1C5FA78200D0E758 /* SWEmotionTool.h */ = {isa = PBXFileReference; fileEncoding = 4; lastKnownFileType = sourcecode.c.h; path = SWEmotionTool.h; sourceTree = "<group>"; };
		E40D1F0B1C5FA78200D0E758 /* SWEmotionTool.m */ = {isa = PBXFileReference; fileEncoding = 4; lastKnownFileType = sourcecode.c.objc; path = SWEmotionTool.m; sourceTree = "<group>"; };
		E40D1F0D1C62382500D0E758 /* SWEmotionTextView.h */ = {isa = PBXFileReference; fileEncoding = 4; lastKnownFileType = sourcecode.c.h; path = SWEmotionTextView.h; sourceTree = "<group>"; };
		E40D1F0E1C62382500D0E758 /* SWEmotionTextView.m */ = {isa = PBXFileReference; fileEncoding = 4; lastKnownFileType = sourcecode.c.objc; path = SWEmotionTextView.m; sourceTree = "<group>"; };
		E412EDC71C68C5F600B6FF72 /* SWEmotionTextAttachment.h */ = {isa = PBXFileReference; fileEncoding = 4; lastKnownFileType = sourcecode.c.h; path = SWEmotionTextAttachment.h; sourceTree = "<group>"; };
		E412EDC81C68C5F600B6FF72 /* SWEmotionTextAttachment.m */ = {isa = PBXFileReference; fileEncoding = 4; lastKnownFileType = sourcecode.c.objc; path = SWEmotionTextAttachment.m; sourceTree = "<group>"; };
		E412EDCA1C68CCF400B6FF72 /* SWRegexResult.h */ = {isa = PBXFileReference; fileEncoding = 4; lastKnownFileType = sourcecode.c.h; path = SWRegexResult.h; sourceTree = "<group>"; };
		E412EDCB1C68CCF400B6FF72 /* SWRegexResult.m */ = {isa = PBXFileReference; fileEncoding = 4; lastKnownFileType = sourcecode.c.objc; path = SWRegexResult.m; sourceTree = "<group>"; };
		E41661FD1C51EB0D008AF523 /* UIImage+Extension.h */ = {isa = PBXFileReference; fileEncoding = 4; lastKnownFileType = sourcecode.c.h; path = "UIImage+Extension.h"; sourceTree = "<group>"; };
		E41661FE1C51EB0D008AF523 /* UIImage+Extension.m */ = {isa = PBXFileReference; fileEncoding = 4; lastKnownFileType = sourcecode.c.objc; path = "UIImage+Extension.m"; sourceTree = "<group>"; };
		E419DD691C4F5B8000EEEFA9 /* SWStatusDetailFrame.h */ = {isa = PBXFileReference; fileEncoding = 4; lastKnownFileType = sourcecode.c.h; path = SWStatusDetailFrame.h; sourceTree = "<group>"; };
		E419DD6A1C4F5B8000EEEFA9 /* SWStatusDetailFrame.m */ = {isa = PBXFileReference; fileEncoding = 4; lastKnownFileType = sourcecode.c.objc; path = SWStatusDetailFrame.m; sourceTree = "<group>"; };
		E419DD6C1C4FD49700EEEFA9 /* SWStatusRetweetedFrame.h */ = {isa = PBXFileReference; fileEncoding = 4; lastKnownFileType = sourcecode.c.h; path = SWStatusRetweetedFrame.h; sourceTree = "<group>"; };
		E419DD6D1C4FD49700EEEFA9 /* SWStatusRetweetedFrame.m */ = {isa = PBXFileReference; fileEncoding = 4; lastKnownFileType = sourcecode.c.objc; path = SWStatusRetweetedFrame.m; sourceTree = "<group>"; };
		E41B06C51C3E7B370096B35A /* UIView+Extension.h */ = {isa = PBXFileReference; fileEncoding = 4; lastKnownFileType = sourcecode.c.h; path = "UIView+Extension.h"; sourceTree = "<group>"; };
		E41B06C61C3E7B370096B35A /* UIView+Extension.m */ = {isa = PBXFileReference; fileEncoding = 4; lastKnownFileType = sourcecode.c.objc; path = "UIView+Extension.m"; sourceTree = "<group>"; };
		E41B06C81C3E84540096B35A /* UIBarButtonItem+SWExtension.h */ = {isa = PBXFileReference; fileEncoding = 4; lastKnownFileType = sourcecode.c.h; path = "UIBarButtonItem+SWExtension.h"; sourceTree = "<group>"; };
		E41B06C91C3E84540096B35A /* UIBarButtonItem+SWExtension.m */ = {isa = PBXFileReference; fileEncoding = 4; lastKnownFileType = sourcecode.c.objc; path = "UIBarButtonItem+SWExtension.m"; sourceTree = "<group>"; };
		E424A2091C590C3C00AFE2DA /* MJPhoto.h */ = {isa = PBXFileReference; fileEncoding = 4; lastKnownFileType = sourcecode.c.h; path = MJPhoto.h; sourceTree = "<group>"; };
		E424A20A1C590C3C00AFE2DA /* MJPhoto.m */ = {isa = PBXFileReference; fileEncoding = 4; lastKnownFileType = sourcecode.c.objc; path = MJPhoto.m; sourceTree = "<group>"; };
		E424A20B1C590C3C00AFE2DA /* MJPhotoBrowser.bundle */ = {isa = PBXFileReference; lastKnownFileType = "wrapper.plug-in"; path = MJPhotoBrowser.bundle; sourceTree = "<group>"; };
		E424A20C1C590C3C00AFE2DA /* MJPhotoBrowser.h */ = {isa = PBXFileReference; fileEncoding = 4; lastKnownFileType = sourcecode.c.h; path = MJPhotoBrowser.h; sourceTree = "<group>"; };
		E424A20D1C590C3C00AFE2DA /* MJPhotoBrowser.m */ = {isa = PBXFileReference; fileEncoding = 4; lastKnownFileType = sourcecode.c.objc; path = MJPhotoBrowser.m; sourceTree = "<group>"; };
		E424A20E1C590C3C00AFE2DA /* MJPhotoLoadingView.h */ = {isa = PBXFileReference; fileEncoding = 4; lastKnownFileType = sourcecode.c.h; path = MJPhotoLoadingView.h; sourceTree = "<group>"; };
		E424A20F1C590C3C00AFE2DA /* MJPhotoLoadingView.m */ = {isa = PBXFileReference; fileEncoding = 4; lastKnownFileType = sourcecode.c.objc; path = MJPhotoLoadingView.m; sourceTree = "<group>"; };
		E424A2101C590C3C00AFE2DA /* MJPhotoProgressView.h */ = {isa = PBXFileReference; fileEncoding = 4; lastKnownFileType = sourcecode.c.h; path = MJPhotoProgressView.h; sourceTree = "<group>"; };
		E424A2111C590C3C00AFE2DA /* MJPhotoProgressView.m */ = {isa = PBXFileReference; fileEncoding = 4; lastKnownFileType = sourcecode.c.objc; path = MJPhotoProgressView.m; sourceTree = "<group>"; };
		E424A2121C590C3C00AFE2DA /* MJPhotoToolbar.h */ = {isa = PBXFileReference; fileEncoding = 4; lastKnownFileType = sourcecode.c.h; path = MJPhotoToolbar.h; sourceTree = "<group>"; };
		E424A2131C590C3C00AFE2DA /* MJPhotoToolbar.m */ = {isa = PBXFileReference; fileEncoding = 4; lastKnownFileType = sourcecode.c.objc; path = MJPhotoToolbar.m; sourceTree = "<group>"; };
		E424A2141C590C3C00AFE2DA /* MJPhotoView.h */ = {isa = PBXFileReference; fileEncoding = 4; lastKnownFileType = sourcecode.c.h; path = MJPhotoView.h; sourceTree = "<group>"; };
		E424A2151C590C3C00AFE2DA /* MJPhotoView.m */ = {isa = PBXFileReference; fileEncoding = 4; lastKnownFileType = sourcecode.c.objc; path = MJPhotoView.m; sourceTree = "<group>"; };
		E424A2161C590C3C00AFE2DA /* SDWebImageManager+MJ.h */ = {isa = PBXFileReference; fileEncoding = 4; lastKnownFileType = sourcecode.c.h; path = "SDWebImageManager+MJ.h"; sourceTree = "<group>"; };
		E424A2171C590C3C00AFE2DA /* SDWebImageManager+MJ.m */ = {isa = PBXFileReference; fileEncoding = 4; lastKnownFileType = sourcecode.c.objc; path = "SDWebImageManager+MJ.m"; sourceTree = "<group>"; };
		E424A2241C5A228B00AFE2DA /* SWEmotionKeyboard.h */ = {isa = PBXFileReference; fileEncoding = 4; lastKnownFileType = sourcecode.c.h; path = SWEmotionKeyboard.h; sourceTree = "<group>"; };
		E424A2251C5A228B00AFE2DA /* SWEmotionKeyboard.m */ = {isa = PBXFileReference; fileEncoding = 4; lastKnownFileType = sourcecode.c.objc; path = SWEmotionKeyboard.m; sourceTree = "<group>"; };
		E424A2271C5A293700AFE2DA /* SWEmotionListView.h */ = {isa = PBXFileReference; fileEncoding = 4; lastKnownFileType = sourcecode.c.h; path = SWEmotionListView.h; sourceTree = "<group>"; };
		E424A2281C5A293700AFE2DA /* SWEmotionListView.m */ = {isa = PBXFileReference; fileEncoding = 4; lastKnownFileType = sourcecode.c.objc; path = SWEmotionListView.m; sourceTree = "<group>"; };
		E424A22A1C5A345500AFE2DA /* SWEmotionToolbar.h */ = {isa = PBXFileReference; fileEncoding = 4; lastKnownFileType = sourcecode.c.h; path = SWEmotionToolbar.h; sourceTree = "<group>"; };
		E424A22B1C5A345500AFE2DA /* SWEmotionToolbar.m */ = {isa = PBXFileReference; fileEncoding = 4; lastKnownFileType = sourcecode.c.objc; path = SWEmotionToolbar.m; sourceTree = "<group>"; };
		E424A22D1C5A366700AFE2DA /* SWEmotion.h */ = {isa = PBXFileReference; fileEncoding = 4; lastKnownFileType = sourcecode.c.h; path = SWEmotion.h; sourceTree = "<group>"; };
		E424A22E1C5A366700AFE2DA /* SWEmotion.m */ = {isa = PBXFileReference; fileEncoding = 4; lastKnownFileType = sourcecode.c.objc; path = SWEmotion.m; sourceTree = "<group>"; };
		E42560E51C4F3E6E002A34A4 /* SWStatusFrame.h */ = {isa = PBXFileReference; fileEncoding = 4; lastKnownFileType = sourcecode.c.h; path = SWStatusFrame.h; sourceTree = "<group>"; };
		E42560E61C4F3E6E002A34A4 /* SWStatusFrame.m */ = {isa = PBXFileReference; fileEncoding = 4; lastKnownFileType = sourcecode.c.objc; path = SWStatusFrame.m; sourceTree = "<group>"; };
		E42560E81C4F3ED4002A34A4 /* SWStatusOriginalFrame.h */ = {isa = PBXFileReference; fileEncoding = 4; lastKnownFileType = sourcecode.c.h; path = SWStatusOriginalFrame.h; sourceTree = "<group>"; };
		E42560E91C4F3ED4002A34A4 /* SWStatusOriginalFrame.m */ = {isa = PBXFileReference; fileEncoding = 4; lastKnownFileType = sourcecode.c.objc; path = SWStatusOriginalFrame.m; sourceTree = "<group>"; };
		E42DC2231C7358A00076D34E /* SWStatusRetweetedToolbar.h */ = {isa = PBXFileReference; fileEncoding = 4; lastKnownFileType = sourcecode.c.h; path = SWStatusRetweetedToolbar.h; sourceTree = "<group>"; };
		E42DC2241C7358A00076D34E /* SWStatusRetweetedToolbar.m */ = {isa = PBXFileReference; fileEncoding = 4; lastKnownFileType = sourcecode.c.objc; path = SWStatusRetweetedToolbar.m; sourceTree = "<group>"; };
		E42DC2261C7358B50076D34E /* SWStatusDetailBottomToolbar.h */ = {isa = PBXFileReference; fileEncoding = 4; lastKnownFileType = sourcecode.c.h; path = SWStatusDetailBottomToolbar.h; sourceTree = "<group>"; };
		E42DC2271C7358B50076D34E /* SWStatusDetailBottomToolbar.m */ = {isa = PBXFileReference; fileEncoding = 4; lastKnownFileType = sourcecode.c.objc; path = SWStatusDetailBottomToolbar.m; sourceTree = "<group>"; };
		E42DC2291C7359290076D34E /* SWStatusDetailTopToolbar.h */ = {isa = PBXFileReference; fileEncoding = 4; lastKnownFileType = sourcecode.c.h; path = SWStatusDetailTopToolbar.h; sourceTree = "<group>"; };
		E42DC22A1C7359290076D34E /* SWStatusDetailTopToolbar.m */ = {isa = PBXFileReference; fileEncoding = 4; lastKnownFileType = sourcecode.c.objc; path = SWStatusDetailTopToolbar.m; sourceTree = "<group>"; };
		E42DC22C1C7362170076D34E /* SWStatusDetailTopToolbar.xib */ = {isa = PBXFileReference; fileEncoding = 4; lastKnownFileType = file.xib; path = SWStatusDetailTopToolbar.xib; sourceTree = "<group>"; };
		E42DC2321C74B1B40076D34E /* SWCommentsResult.h */ = {isa = PBXFileReference; fileEncoding = 4; lastKnownFileType = sourcecode.c.h; path = SWCommentsResult.h; sourceTree = "<group>"; };
		E42DC2331C74B1B40076D34E /* SWCommentsResult.m */ = {isa = PBXFileReference; fileEncoding = 4; lastKnownFileType = sourcecode.c.objc; path = SWCommentsResult.m; sourceTree = "<group>"; };
		E42DC2351C74B21F0076D34E /* SWComment.h */ = {isa = PBXFileReference; fileEncoding = 4; lastKnownFileType = sourcecode.c.h; path = SWComment.h; sourceTree = "<group>"; };
		E42DC2361C74B21F0076D34E /* SWComment.m */ = {isa = PBXFileReference; fileEncoding = 4; lastKnownFileType = sourcecode.c.objc; path = SWComment.m; sourceTree = "<group>"; };
		E42DC2381C74B53C0076D34E /* SWCommentsParam.h */ = {isa = PBXFileReference; fileEncoding = 4; lastKnownFileType = sourcecode.c.h; path = SWCommentsParam.h; sourceTree = "<group>"; };
		E42DC2391C74B53C0076D34E /* SWCommentsParam.m */ = {isa = PBXFileReference; fileEncoding = 4; lastKnownFileType = sourcecode.c.objc; path = SWCommentsParam.m; sourceTree = "<group>"; };
		E43DECB51C6AF80900D23F9E /* Assets.xcassets */ = {isa = PBXFileReference; lastKnownFileType = folder.assetcatalog; path = Assets.xcassets; sourceTree = "<group>"; };
		E43DECB71C6F5F6000D23F9E /* SWStatusLabel.h */ = {isa = PBXFileReference; fileEncoding = 4; lastKnownFileType = sourcecode.c.h; path = SWStatusLabel.h; sourceTree = "<group>"; };
		E43DECB81C6F5F6000D23F9E /* SWStatusLabel.m */ = {isa = PBXFileReference; fileEncoding = 4; lastKnownFileType = sourcecode.c.objc; path = SWStatusLabel.m; sourceTree = "<group>"; };
		E448407D1C4138660088975D /* SWOAuthViewController.h */ = {isa = PBXFileReference; fileEncoding = 4; lastKnownFileType = sourcecode.c.h; path = SWOAuthViewController.h; sourceTree = "<group>"; };
		E448407E1C4138660088975D /* SWOAuthViewController.m */ = {isa = PBXFileReference; fileEncoding = 4; lastKnownFileType = sourcecode.c.objc; path = SWOAuthViewController.m; sourceTree = "<group>"; };
		E46E8F491C6AD54D00BA43CA /* EmotionIcons */ = {isa = PBXFileReference; lastKnownFileType = folder; path = EmotionIcons; sourceTree = "<group>"; };
		E46F2E121C45F8FF008A10BA /* SWTextView.h */ = {isa = PBXFileReference; fileEncoding = 4; lastKnownFileType = sourcecode.c.h; path = SWTextView.h; sourceTree = "<group>"; };
		E46F2E131C45F8FF008A10BA /* SWTextView.m */ = {isa = PBXFileReference; fileEncoding = 4; lastKnownFileType = sourcecode.c.objc; path = SWTextView.m; sourceTree = "<group>"; };
		E4727B831C44C9EA00DF6CAC /* SWPhoto.h */ = {isa = PBXFileReference; fileEncoding = 4; lastKnownFileType = sourcecode.c.h; path = SWPhoto.h; sourceTree = "<group>"; };
		E4727B841C44C9EA00DF6CAC /* SWPhoto.m */ = {isa = PBXFileReference; fileEncoding = 4; lastKnownFileType = sourcecode.c.objc; path = SWPhoto.m; sourceTree = "<group>"; };
		E4749FC01C40B962000593C4 /* SWTabBar.h */ = {isa = PBXFileReference; fileEncoding = 4; lastKnownFileType = sourcecode.c.h; path = SWTabBar.h; sourceTree = "<group>"; };
		E4749FC11C40B962000593C4 /* SWTabBar.m */ = {isa = PBXFileReference; fileEncoding = 4; lastKnownFileType = sourcecode.c.objc; path = SWTabBar.m; sourceTree = "<group>"; };
		E4749FC71C40CA49000593C4 /* SWComposeViewController.h */ = {isa = PBXFileReference; fileEncoding = 4; lastKnownFileType = sourcecode.c.h; path = SWComposeViewController.h; sourceTree = "<group>"; };
		E4749FC81C40CA49000593C4 /* SWComposeViewController.m */ = {isa = PBXFileReference; fileEncoding = 4; lastKnownFileType = sourcecode.c.objc; path = SWComposeViewController.m; sourceTree = "<group>"; };
		E4755DB51C44ACAF00625D66 /* SWUser.h */ = {isa = PBXFileReference; fileEncoding = 4; lastKnownFileType = sourcecode.c.h; path = SWUser.h; sourceTree = "<group>"; };
		E4755DB61C44ACAF00625D66 /* SWUser.m */ = {isa = PBXFileReference; fileEncoding = 4; lastKnownFileType = sourcecode.c.objc; path = SWUser.m; sourceTree = "<group>"; };
		E4755DB81C44AE9200625D66 /* SWStatus.h */ = {isa = PBXFileReference; fileEncoding = 4; lastKnownFileType = sourcecode.c.h; path = SWStatus.h; sourceTree = "<group>"; };
		E4755DB91C44AE9200625D66 /* SWStatus.m */ = {isa = PBXFileReference; fileEncoding = 4; lastKnownFileType = sourcecode.c.objc; path = SWStatus.m; sourceTree = "<group>"; };
		E491EF741C47DFAD008F2EF6 /* SWComposePhotosView.h */ = {isa = PBXFileReference; fileEncoding = 4; lastKnownFileType = sourcecode.c.h; path = SWComposePhotosView.h; sourceTree = "<group>"; };
		E491EF751C47DFAD008F2EF6 /* SWComposePhotosView.m */ = {isa = PBXFileReference; fileEncoding = 4; lastKnownFileType = sourcecode.c.objc; path = SWComposePhotosView.m; sourceTree = "<group>"; };
		E491EF771C49EA07008F2EF6 /* SWHttpTool.h */ = {isa = PBXFileReference; fileEncoding = 4; lastKnownFileType = sourcecode.c.h; path = SWHttpTool.h; sourceTree = "<group>"; };
		E491EF781C49EA07008F2EF6 /* SWHttpTool.m */ = {isa = PBXFileReference; fileEncoding = 4; lastKnownFileType = sourcecode.c.objc; path = SWHttpTool.m; sourceTree = "<group>"; };
		E491EF7A1C4BCB73008F2EF6 /* SWStatusTool.h */ = {isa = PBXFileReference; fileEncoding = 4; lastKnownFileType = sourcecode.c.h; path = SWStatusTool.h; sourceTree = "<group>"; };
		E491EF7B1C4BCB73008F2EF6 /* SWStatusTool.m */ = {isa = PBXFileReference; fileEncoding = 4; lastKnownFileType = sourcecode.c.objc; path = SWStatusTool.m; sourceTree = "<group>"; };
		E491EF8F1C4C9EB7008F2EF6 /* SWUserTool.h */ = {isa = PBXFileReference; fileEncoding = 4; lastKnownFileType = sourcecode.c.h; path = SWUserTool.h; sourceTree = "<group>"; };
		E491EF901C4C9EB7008F2EF6 /* SWUserTool.m */ = {isa = PBXFileReference; fileEncoding = 4; lastKnownFileType = sourcecode.c.objc; path = SWUserTool.m; sourceTree = "<group>"; };
		E491EF9B1C4CF145008F2EF6 /* SWBaseTool.h */ = {isa = PBXFileReference; fileEncoding = 4; lastKnownFileType = sourcecode.c.h; path = SWBaseTool.h; sourceTree = "<group>"; };
		E491EF9C1C4CF145008F2EF6 /* SWBaseTool.m */ = {isa = PBXFileReference; fileEncoding = 4; lastKnownFileType = sourcecode.c.objc; path = SWBaseTool.m; sourceTree = "<group>"; };
		E491EFA21C4D0E93008F2EF6 /* SWAccessTokenParam.h */ = {isa = PBXFileReference; fileEncoding = 4; lastKnownFileType = sourcecode.c.h; path = SWAccessTokenParam.h; sourceTree = "<group>"; };
		E491EFA31C4D0E93008F2EF6 /* SWAccessTokenParam.m */ = {isa = PBXFileReference; fileEncoding = 4; lastKnownFileType = sourcecode.c.objc; path = SWAccessTokenParam.m; sourceTree = "<group>"; };
		E491EFA41C4D0E93008F2EF6 /* SWAccount.h */ = {isa = PBXFileReference; fileEncoding = 4; lastKnownFileType = sourcecode.c.h; path = SWAccount.h; sourceTree = "<group>"; };
		E491EFA51C4D0E93008F2EF6 /* SWAccount.m */ = {isa = PBXFileReference; fileEncoding = 4; lastKnownFileType = sourcecode.c.objc; path = SWAccount.m; sourceTree = "<group>"; };
		E491EFA71C4D0E93008F2EF6 /* SWHomeStatusesParam.h */ = {isa = PBXFileReference; fileEncoding = 4; lastKnownFileType = sourcecode.c.h; path = SWHomeStatusesParam.h; sourceTree = "<group>"; };
		E491EFA81C4D0E93008F2EF6 /* SWHomeStatusesParam.m */ = {isa = PBXFileReference; fileEncoding = 4; lastKnownFileType = sourcecode.c.objc; path = SWHomeStatusesParam.m; sourceTree = "<group>"; };
		E491EFA91C4D0E93008F2EF6 /* SWHomeStatusesResult.h */ = {isa = PBXFileReference; fileEncoding = 4; lastKnownFileType = sourcecode.c.h; path = SWHomeStatusesResult.h; sourceTree = "<group>"; };
		E491EFAA1C4D0E93008F2EF6 /* SWHomeStatusesResult.m */ = {isa = PBXFileReference; fileEncoding = 4; lastKnownFileType = sourcecode.c.objc; path = SWHomeStatusesResult.m; sourceTree = "<group>"; };
		E491EFAC1C4D0E93008F2EF6 /* SWSendStatusParam.h */ = {isa = PBXFileReference; fileEncoding = 4; lastKnownFileType = sourcecode.c.h; path = SWSendStatusParam.h; sourceTree = "<group>"; };
		E491EFAD1C4D0E93008F2EF6 /* SWSendStatusParam.m */ = {isa = PBXFileReference; fileEncoding = 4; lastKnownFileType = sourcecode.c.objc; path = SWSendStatusParam.m; sourceTree = "<group>"; };
		E491EFAE1C4D0E93008F2EF6 /* SWSendStatusResult.h */ = {isa = PBXFileReference; fileEncoding = 4; lastKnownFileType = sourcecode.c.h; path = SWSendStatusResult.h; sourceTree = "<group>"; };
		E491EFAF1C4D0E93008F2EF6 /* SWSendStatusResult.m */ = {isa = PBXFileReference; fileEncoding = 4; lastKnownFileType = sourcecode.c.objc; path = SWSendStatusResult.m; sourceTree = "<group>"; };
		E491EFB11C4D0E93008F2EF6 /* SWUserInfoParam.h */ = {isa = PBXFileReference; fileEncoding = 4; lastKnownFileType = sourcecode.c.h; path = SWUserInfoParam.h; sourceTree = "<group>"; };
		E491EFB21C4D0E93008F2EF6 /* SWUserInfoParam.m */ = {isa = PBXFileReference; fileEncoding = 4; lastKnownFileType = sourcecode.c.objc; path = SWUserInfoParam.m; sourceTree = "<group>"; };
		E491EFB31C4D0E93008F2EF6 /* SWUserInfoResult.h */ = {isa = PBXFileReference; fileEncoding = 4; lastKnownFileType = sourcecode.c.h; path = SWUserInfoResult.h; sourceTree = "<group>"; };
		E491EFB41C4D0E93008F2EF6 /* SWUserInfoResult.m */ = {isa = PBXFileReference; fileEncoding = 4; lastKnownFileType = sourcecode.c.objc; path = SWUserInfoResult.m; sourceTree = "<group>"; };
		E491EFBD1C4D116A008F2EF6 /* SWBaseParam.h */ = {isa = PBXFileReference; fileEncoding = 4; lastKnownFileType = sourcecode.c.h; path = SWBaseParam.h; sourceTree = "<group>"; };
		E491EFBE1C4D116A008F2EF6 /* SWBaseParam.m */ = {isa = PBXFileReference; fileEncoding = 4; lastKnownFileType = sourcecode.c.objc; path = SWBaseParam.m; sourceTree = "<group>"; };
		E491EFC11C4D164D008F2EF6 /* SWUnreadCountParam.h */ = {isa = PBXFileReference; fileEncoding = 4; lastKnownFileType = sourcecode.c.h; path = SWUnreadCountParam.h; sourceTree = "<group>"; };
		E491EFC21C4D164D008F2EF6 /* SWUnreadCountParam.m */ = {isa = PBXFileReference; fileEncoding = 4; lastKnownFileType = sourcecode.c.objc; path = SWUnreadCountParam.m; sourceTree = "<group>"; };
		E491EFC41C4D16BC008F2EF6 /* SWUnreadCountResult.h */ = {isa = PBXFileReference; fileEncoding = 4; lastKnownFileType = sourcecode.c.h; path = SWUnreadCountResult.h; sourceTree = "<group>"; };
		E491EFC51C4D16BC008F2EF6 /* SWUnreadCountResult.m */ = {isa = PBXFileReference; fileEncoding = 4; lastKnownFileType = sourcecode.c.objc; path = SWUnreadCountResult.m; sourceTree = "<group>"; };
		E4968E271C45387400CCE503 /* SWLoadMoreFooter.h */ = {isa = PBXFileReference; fileEncoding = 4; lastKnownFileType = sourcecode.c.h; path = SWLoadMoreFooter.h; sourceTree = "<group>"; };
		E4968E281C45387400CCE503 /* SWLoadMoreFooter.m */ = {isa = PBXFileReference; fileEncoding = 4; lastKnownFileType = sourcecode.c.objc; path = SWLoadMoreFooter.m; sourceTree = "<group>"; };
		E4968E2A1C4538A700CCE503 /* SWLoadMoreFooter.xib */ = {isa = PBXFileReference; fileEncoding = 4; lastKnownFileType = file.xib; path = SWLoadMoreFooter.xib; sourceTree = "<group>"; };
		E499FCA21C4751F700CC3753 /* SWComposeToolbar.h */ = {isa = PBXFileReference; fileEncoding = 4; lastKnownFileType = sourcecode.c.h; path = SWComposeToolbar.h; sourceTree = "<group>"; };
		E499FCA31C4751F700CC3753 /* SWComposeToolbar.m */ = {isa = PBXFileReference; fileEncoding = 4; lastKnownFileType = sourcecode.c.objc; path = SWComposeToolbar.m; sourceTree = "<group>"; };
		E4B2A4411C52625100396BCB /* NSDate+Extension.h */ = {isa = PBXFileReference; fileEncoding = 4; lastKnownFileType = sourcecode.c.h; path = "NSDate+Extension.h"; sourceTree = "<group>"; };
		E4B2A4421C52625100396BCB /* NSDate+Extension.m */ = {isa = PBXFileReference; fileEncoding = 4; lastKnownFileType = sourcecode.c.objc; path = "NSDate+Extension.m"; sourceTree = "<group>"; };
		E4B2A4471C5496ED00396BCB /* SWStatusPhotosView.h */ = {isa = PBXFileReference; fileEncoding = 4; lastKnownFileType = sourcecode.c.h; path = SWStatusPhotosView.h; sourceTree = "<group>"; };
		E4B2A4481C5496ED00396BCB /* SWStatusPhotosView.m */ = {isa = PBXFileReference; fileEncoding = 4; lastKnownFileType = sourcecode.c.objc; path = SWStatusPhotosView.m; sourceTree = "<group>"; };
		E4B2A44A1C54970E00396BCB /* SWStatusPhotoView.h */ = {isa = PBXFileReference; fileEncoding = 4; lastKnownFileType = sourcecode.c.h; path = SWStatusPhotoView.h; sourceTree = "<group>"; };
		E4B2A44B1C54970E00396BCB /* SWStatusPhotoView.m */ = {isa = PBXFileReference; fileEncoding = 4; lastKnownFileType = sourcecode.c.objc; path = SWStatusPhotoView.m; sourceTree = "<group>"; };
		E4D43B451C42A4C1006ED4B3 /* SWControllerTool.h */ = {isa = PBXFileReference; fileEncoding = 4; lastKnownFileType = sourcecode.c.h; path = SWControllerTool.h; sourceTree = "<group>"; };
		E4D43B461C42A4C1006ED4B3 /* SWControllerTool.m */ = {isa = PBXFileReference; fileEncoding = 4; lastKnownFileType = sourcecode.c.objc; path = SWControllerTool.m; sourceTree = "<group>"; };
		E4D43B4B1C43CD90006ED4B3 /* SWAccountTool.h */ = {isa = PBXFileReference; fileEncoding = 4; lastKnownFileType = sourcecode.c.h; path = SWAccountTool.h; sourceTree = "<group>"; };
		E4D43B4C1C43CD90006ED4B3 /* SWAccountTool.m */ = {isa = PBXFileReference; fileEncoding = 4; lastKnownFileType = sourcecode.c.objc; path = SWAccountTool.m; sourceTree = "<group>"; };
		E4D43B4E1C43FF2F006ED4B3 /* Foundation+Log.m */ = {isa = PBXFileReference; fileEncoding = 4; lastKnownFileType = sourcecode.c.objc; path = "Foundation+Log.m"; sourceTree = "<group>"; };
		E4F472E21C3D277900DB75C6 /* SWTabBarViewController.h */ = {isa = PBXFileReference; fileEncoding = 4; lastKnownFileType = sourcecode.c.h; path = SWTabBarViewController.h; sourceTree = "<group>"; };
		E4F472E31C3D277900DB75C6 /* SWTabBarViewController.m */ = {isa = PBXFileReference; fileEncoding = 4; lastKnownFileType = sourcecode.c.objc; path = SWTabBarViewController.m; sourceTree = "<group>"; };
		E4F472E71C3D335700DB75C6 /* SimpleWebe.pch */ = {isa = PBXFileReference; fileEncoding = 4; lastKnownFileType = sourcecode.c.h; path = SimpleWebe.pch; sourceTree = "<group>"; };
		E4F472E81C3D34BB00DB75C6 /* SWHomeTableViewController.h */ = {isa = PBXFileReference; fileEncoding = 4; lastKnownFileType = sourcecode.c.h; path = SWHomeTableViewController.h; sourceTree = "<group>"; };
		E4F472E91C3D34BB00DB75C6 /* SWHomeTableViewController.m */ = {isa = PBXFileReference; fileEncoding = 4; lastKnownFileType = sourcecode.c.objc; path = SWHomeTableViewController.m; sourceTree = "<group>"; };
		E4F472EB1C3D34CA00DB75C6 /* SWMessageTableViewController.h */ = {isa = PBXFileReference; fileEncoding = 4; lastKnownFileType = sourcecode.c.h; path = SWMessageTableViewController.h; sourceTree = "<group>"; };
		E4F472EC1C3D34CA00DB75C6 /* SWMessageTableViewController.m */ = {isa = PBXFileReference; fileEncoding = 4; lastKnownFileType = sourcecode.c.objc; path = SWMessageTableViewController.m; sourceTree = "<group>"; };
		E4F472EE1C3D34DF00DB75C6 /* SWDiscoverTableViewController.h */ = {isa = PBXFileReference; fileEncoding = 4; lastKnownFileType = sourcecode.c.h; path = SWDiscoverTableViewController.h; sourceTree = "<group>"; };
		E4F472EF1C3D34DF00DB75C6 /* SWDiscoverTableViewController.m */ = {isa = PBXFileReference; fileEncoding = 4; lastKnownFileType = sourcecode.c.objc; path = SWDiscoverTableViewController.m; sourceTree = "<group>"; };
		E4F472F11C3D34EE00DB75C6 /* SWProfileTableViewController.h */ = {isa = PBXFileReference; fileEncoding = 4; lastKnownFileType = sourcecode.c.h; path = SWProfileTableViewController.h; sourceTree = "<group>"; };
		E4F472F21C3D34EE00DB75C6 /* SWProfileTableViewController.m */ = {isa = PBXFileReference; fileEncoding = 4; lastKnownFileType = sourcecode.c.objc; path = SWProfileTableViewController.m; sourceTree = "<group>"; };
		E4F472F41C3D3CFB00DB75C6 /* SWNavigationController.h */ = {isa = PBXFileReference; fileEncoding = 4; lastKnownFileType = sourcecode.c.h; path = SWNavigationController.h; sourceTree = "<group>"; };
		E4F472F51C3D3CFB00DB75C6 /* SWNavigationController.m */ = {isa = PBXFileReference; fileEncoding = 4; lastKnownFileType = sourcecode.c.objc; path = SWNavigationController.m; sourceTree = "<group>"; };
		E4F986FD1C3D16B50078E1AA /* SimpleWebe.app */ = {isa = PBXFileReference; explicitFileType = wrapper.application; includeInIndex = 0; path = SimpleWebe.app; sourceTree = BUILT_PRODUCTS_DIR; };
		E4F987011C3D16B50078E1AA /* main.m */ = {isa = PBXFileReference; lastKnownFileType = sourcecode.c.objc; path = main.m; sourceTree = "<group>"; };
		E4F987031C3D16B50078E1AA /* AppDelegate.h */ = {isa = PBXFileReference; lastKnownFileType = sourcecode.c.h; name = AppDelegate.h; path = ../../../AppDelegate.h; sourceTree = "<group>"; };
		E4F987041C3D16B50078E1AA /* AppDelegate.m */ = {isa = PBXFileReference; lastKnownFileType = sourcecode.c.objc; name = AppDelegate.m; path = ../../../AppDelegate.m; sourceTree = "<group>"; };
		E4F9870F1C3D16B50078E1AA /* Base */ = {isa = PBXFileReference; lastKnownFileType = file.storyboard; name = Base; path = Base.lproj/LaunchScreen.storyboard; sourceTree = "<group>"; };
		E4F987111C3D16B50078E1AA /* Info.plist */ = {isa = PBXFileReference; lastKnownFileType = text.plist.xml; path = Info.plist; sourceTree = "<group>"; };
		E4F987161C3D16B50078E1AA /* SimpleWebeTests.xctest */ = {isa = PBXFileReference; explicitFileType = wrapper.cfbundle; includeInIndex = 0; path = SimpleWebeTests.xctest; sourceTree = BUILT_PRODUCTS_DIR; };
		E4F9871A1C3D16B50078E1AA /* SimpleWebeTests.m */ = {isa = PBXFileReference; lastKnownFileType = sourcecode.c.objc; path = SimpleWebeTests.m; sourceTree = "<group>"; };
		E4F9871C1C3D16B50078E1AA /* Info.plist */ = {isa = PBXFileReference; lastKnownFileType = text.plist.xml; path = Info.plist; sourceTree = "<group>"; };
		E4F987211C3D16B50078E1AA /* SimpleWebeUITests.xctest */ = {isa = PBXFileReference; explicitFileType = wrapper.cfbundle; includeInIndex = 0; path = SimpleWebeUITests.xctest; sourceTree = BUILT_PRODUCTS_DIR; };
		E4F987251C3D16B50078E1AA /* SimpleWebeUITests.m */ = {isa = PBXFileReference; lastKnownFileType = sourcecode.c.objc; path = SimpleWebeUITests.m; sourceTree = "<group>"; };
		E4F987271C3D16B50078E1AA /* Info.plist */ = {isa = PBXFileReference; lastKnownFileType = text.plist.xml; path = Info.plist; sourceTree = "<group>"; };
/* End PBXFileReference section */

/* Begin PBXFrameworksBuildPhase section */
		E4F986FA1C3D16B50078E1AA /* Frameworks */ = {
			isa = PBXFrameworksBuildPhase;
			buildActionMask = 2147483647;
			files = (
				91F25869A5721F730D200532 /* libPods-SimpleWebe.a in Frameworks */,
			);
			runOnlyForDeploymentPostprocessing = 0;
		};
		E4F987131C3D16B50078E1AA /* Frameworks */ = {
			isa = PBXFrameworksBuildPhase;
			buildActionMask = 2147483647;
			files = (
			);
			runOnlyForDeploymentPostprocessing = 0;
		};
		E4F9871E1C3D16B50078E1AA /* Frameworks */ = {
			isa = PBXFrameworksBuildPhase;
			buildActionMask = 2147483647;
			files = (
			);
			runOnlyForDeploymentPostprocessing = 0;
		};
/* End PBXFrameworksBuildPhase section */

/* Begin PBXGroup section */
		38A1C6E1CDAEBF8A280659DF /* Pods */ = {
			isa = PBXGroup;
			children = (
				60593868B78F5CAD0E6CB029 /* Pods-SimpleWebe.debug.xcconfig */,
				D6CF028E984F43FCC90CB5D2 /* Pods-SimpleWebe.release.xcconfig */,
			);
			name = Pods;
			sourceTree = "<group>";
		};
		87F2084822B2932D14B70458 /* Frameworks */ = {
			isa = PBXGroup;
			children = (
				6FFD0D43CA74CB8D104CA76C /* libPods-SimpleWebe.a */,
			);
			name = Frameworks;
			sourceTree = "<group>";
		};
		E40717181C71D635002775FC /* Common */ = {
			isa = PBXGroup;
			children = (
				E40717191C71D654002775FC /* SWCommonItem.h */,
				E407171A1C71D654002775FC /* SWCommonItem.m */,
				E407171C1C71D675002775FC /* SWCommonGroup.h */,
				E407171D1C71D675002775FC /* SWCommonGroup.m */,
				E40717221C72C96C002775FC /* SWCommonArrowItem.h */,
				E40717231C72C96C002775FC /* SWCommonArrowItem.m */,
				E40717251C72C996002775FC /* SWCommonSwitchItem.h */,
				E40717261C72C996002775FC /* SWCommonSwitchItem.m */,
				E40717281C72E4A9002775FC /* SWCommonLabelItem.h */,
				E40717291C72E4A9002775FC /* SWCommonLabelItem.m */,
				E407173A1C7307CA002775FC /* SWCommonCenterItem.h */,
				E407173B1C7307CA002775FC /* SWCommonCenterItem.m */,
			);
			path = Common;
			sourceTree = "<group>";
		};
		E40717461C73443D002775FC /* Toolbar */ = {
			isa = PBXGroup;
			children = (
				E40717471C73443D002775FC /* SWBaseToolbar.h */,
				E40717481C73443D002775FC /* SWBaseToolbar.m */,
				E407174B1C73443D002775FC /* SWStatusToolbar.h */,
				E407174C1C73443D002775FC /* SWStatusToolbar.m */,
			);
			path = Toolbar;
			sourceTree = "<group>";
		};
		E4096FD91C4E70A70031299C /* Cell */ = {
			isa = PBXGroup;
			children = (
				E42DC2221C7358A00076D34E /* Detail */,
				E40717461C73443D002775FC /* Toolbar */,
				E4096FDC1C4E70A70031299C /* SWStatusTableViewCell.h */,
				E4096FDD1C4E70A70031299C /* SWStatusTableViewCell.m */,
				E4096FDA1C4E70A70031299C /* SWStatusDetailView.h */,
				E4096FDB1C4E70A70031299C /* SWStatusDetailView.m */,
				E4096FE31C4E71160031299C /* SWStatusOriginalView.h */,
				E4096FE41C4E71160031299C /* SWStatusOriginalView.m */,
				E4096FE61C4E712C0031299C /* SWStatusRetweetedView.h */,
				E4096FE71C4E712C0031299C /* SWStatusRetweetedView.m */,
				E4B2A4471C5496ED00396BCB /* SWStatusPhotosView.h */,
				E4B2A4481C5496ED00396BCB /* SWStatusPhotosView.m */,
				E4B2A44A1C54970E00396BCB /* SWStatusPhotoView.h */,
				E4B2A44B1C54970E00396BCB /* SWStatusPhotoView.m */,
				E43DECB71C6F5F6000D23F9E /* SWStatusLabel.h */,
				E43DECB81C6F5F6000D23F9E /* SWStatusLabel.m */,
			);
			path = Cell;
			sourceTree = "<group>";
		};
		E40D1F091C5FA76800D0E758 /* Tool */ = {
			isa = PBXGroup;
			children = (
				E40D1F0A1C5FA78200D0E758 /* SWEmotionTool.h */,
				E40D1F0B1C5FA78200D0E758 /* SWEmotionTool.m */,
			);
			path = Tool;
			sourceTree = "<group>";
		};
		E424A2081C590C3C00AFE2DA /* MJPhotoBrowser */ = {
			isa = PBXGroup;
			children = (
				E424A2091C590C3C00AFE2DA /* MJPhoto.h */,
				E424A20A1C590C3C00AFE2DA /* MJPhoto.m */,
				E424A20B1C590C3C00AFE2DA /* MJPhotoBrowser.bundle */,
				E424A20C1C590C3C00AFE2DA /* MJPhotoBrowser.h */,
				E424A20D1C590C3C00AFE2DA /* MJPhotoBrowser.m */,
				E424A20E1C590C3C00AFE2DA /* MJPhotoLoadingView.h */,
				E424A20F1C590C3C00AFE2DA /* MJPhotoLoadingView.m */,
				E424A2101C590C3C00AFE2DA /* MJPhotoProgressView.h */,
				E424A2111C590C3C00AFE2DA /* MJPhotoProgressView.m */,
				E424A2121C590C3C00AFE2DA /* MJPhotoToolbar.h */,
				E424A2131C590C3C00AFE2DA /* MJPhotoToolbar.m */,
				E424A2141C590C3C00AFE2DA /* MJPhotoView.h */,
				E424A2151C590C3C00AFE2DA /* MJPhotoView.m */,
				E424A2161C590C3C00AFE2DA /* SDWebImageManager+MJ.h */,
				E424A2171C590C3C00AFE2DA /* SDWebImageManager+MJ.m */,
			);
			path = MJPhotoBrowser;
			sourceTree = "<group>";
		};
		E424A2231C5A228B00AFE2DA /* EmotionKeyboard */ = {
			isa = PBXGroup;
			children = (
				E424A2241C5A228B00AFE2DA /* SWEmotionKeyboard.h */,
				E424A2251C5A228B00AFE2DA /* SWEmotionKeyboard.m */,
				E424A2271C5A293700AFE2DA /* SWEmotionListView.h */,
				E424A2281C5A293700AFE2DA /* SWEmotionListView.m */,
				E424A22A1C5A345500AFE2DA /* SWEmotionToolbar.h */,
				E424A22B1C5A345500AFE2DA /* SWEmotionToolbar.m */,
				E40D1EF91C5C7D4A00D0E758 /* SWEmotionGridView.h */,
				E40D1EFA1C5C7D4A00D0E758 /* SWEmotionGridView.m */,
				E40D1EFF1C5CFB0500D0E758 /* SWEmotionView.h */,
				E40D1F001C5CFB0500D0E758 /* SWEmotionView.m */,
				E40D1F021C5DA90E00D0E758 /* SWEmotionPopView.h */,
				E40D1F031C5DA90E00D0E758 /* SWEmotionPopView.m */,
				E40D1F051C5DA94200D0E758 /* SWEmotionPopView.xib */,
				E40D1F0D1C62382500D0E758 /* SWEmotionTextView.h */,
				E40D1F0E1C62382500D0E758 /* SWEmotionTextView.m */,
			);
			path = EmotionKeyboard;
			sourceTree = "<group>";
		};
		E42560E41C4F3E6E002A34A4 /* Frame */ = {
			isa = PBXGroup;
			children = (
				E42560E51C4F3E6E002A34A4 /* SWStatusFrame.h */,
				E42560E61C4F3E6E002A34A4 /* SWStatusFrame.m */,
				E419DD691C4F5B8000EEEFA9 /* SWStatusDetailFrame.h */,
				E419DD6A1C4F5B8000EEEFA9 /* SWStatusDetailFrame.m */,
				E42560E81C4F3ED4002A34A4 /* SWStatusOriginalFrame.h */,
				E42560E91C4F3ED4002A34A4 /* SWStatusOriginalFrame.m */,
				E419DD6C1C4FD49700EEEFA9 /* SWStatusRetweetedFrame.h */,
				E419DD6D1C4FD49700EEEFA9 /* SWStatusRetweetedFrame.m */,
				E40717151C71B8AE002775FC /* SWCellLink.h */,
				E40717161C71B8AE002775FC /* SWCellLink.m */,
			);
			path = Frame;
			sourceTree = "<group>";
		};
		E42DC2221C7358A00076D34E /* Detail */ = {
			isa = PBXGroup;
			children = (
				E42DC2231C7358A00076D34E /* SWStatusRetweetedToolbar.h */,
				E42DC2241C7358A00076D34E /* SWStatusRetweetedToolbar.m */,
				E42DC2261C7358B50076D34E /* SWStatusDetailBottomToolbar.h */,
				E42DC2271C7358B50076D34E /* SWStatusDetailBottomToolbar.m */,
				E42DC2291C7359290076D34E /* SWStatusDetailTopToolbar.h */,
				E42DC22A1C7359290076D34E /* SWStatusDetailTopToolbar.m */,
				E42DC22C1C7362170076D34E /* SWStatusDetailTopToolbar.xib */,
			);
			path = Detail;
			sourceTree = "<group>";
		};
		E42DC22E1C74B1350076D34E /* Comments */ = {
			isa = PBXGroup;
			children = (
				E42DC2321C74B1B40076D34E /* SWCommentsResult.h */,
				E42DC2331C74B1B40076D34E /* SWCommentsResult.m */,
				E42DC2381C74B53C0076D34E /* SWCommentsParam.h */,
				E42DC2391C74B53C0076D34E /* SWCommentsParam.m */,
			);
			path = Comments;
			sourceTree = "<group>";
		};
		E44840791C4138180088975D /* OAuth(授权) */ = {
			isa = PBXGroup;
			children = (
				E448407A1C4138180088975D /* Controller */,
				E448407B1C4138180088975D /* Model */,
				E448407C1C4138180088975D /* View */,
			);
			path = "OAuth(授权)";
			sourceTree = "<group>";
		};
		E448407A1C4138180088975D /* Controller */ = {
			isa = PBXGroup;
			children = (
				E448407D1C4138660088975D /* SWOAuthViewController.h */,
				E448407E1C4138660088975D /* SWOAuthViewController.m */,
			);
			path = Controller;
			sourceTree = "<group>";
		};
		E448407B1C4138180088975D /* Model */ = {
			isa = PBXGroup;
			children = (
			);
			path = Model;
			sourceTree = "<group>";
		};
		E448407C1C4138180088975D /* View */ = {
			isa = PBXGroup;
			children = (
			);
			path = View;
			sourceTree = "<group>";
		};
		E4749FC31C40C9F6000593C4 /* Compose(发微博) */ = {
			isa = PBXGroup;
			children = (
				E40D1F091C5FA76800D0E758 /* Tool */,
				E4749FC41C40C9F6000593C4 /* Controller */,
				E4749FC51C40C9F6000593C4 /* Model */,
				E4749FC61C40C9F6000593C4 /* View */,
			);
			path = "Compose(发微博)";
			sourceTree = "<group>";
		};
		E4749FC41C40C9F6000593C4 /* Controller */ = {
			isa = PBXGroup;
			children = (
				E4749FC71C40CA49000593C4 /* SWComposeViewController.h */,
				E4749FC81C40CA49000593C4 /* SWComposeViewController.m */,
			);
			path = Controller;
			sourceTree = "<group>";
		};
		E4749FC51C40C9F6000593C4 /* Model */ = {
			isa = PBXGroup;
			children = (
				E424A22D1C5A366700AFE2DA /* SWEmotion.h */,
				E424A22E1C5A366700AFE2DA /* SWEmotion.m */,
				E412EDC71C68C5F600B6FF72 /* SWEmotionTextAttachment.h */,
				E412EDC81C68C5F600B6FF72 /* SWEmotionTextAttachment.m */,
			);
			path = Model;
			sourceTree = "<group>";
		};
		E4749FC61C40C9F6000593C4 /* View */ = {
			isa = PBXGroup;
			children = (
				E424A2231C5A228B00AFE2DA /* EmotionKeyboard */,
				E46F2E121C45F8FF008A10BA /* SWTextView.h */,
				E46F2E131C45F8FF008A10BA /* SWTextView.m */,
				E499FCA21C4751F700CC3753 /* SWComposeToolbar.h */,
				E499FCA31C4751F700CC3753 /* SWComposeToolbar.m */,
				E491EF741C47DFAD008F2EF6 /* SWComposePhotosView.h */,
				E491EF751C47DFAD008F2EF6 /* SWComposePhotosView.m */,
			);
			path = View;
			sourceTree = "<group>";
		};
		E491EFA11C4D0E93008F2EF6 /* AccessToken */ = {
			isa = PBXGroup;
			children = (
				E491EFA21C4D0E93008F2EF6 /* SWAccessTokenParam.h */,
				E491EFA31C4D0E93008F2EF6 /* SWAccessTokenParam.m */,
				E491EFA41C4D0E93008F2EF6 /* SWAccount.h */,
				E491EFA51C4D0E93008F2EF6 /* SWAccount.m */,
			);
			path = AccessToken;
			sourceTree = "<group>";
		};
		E491EFA61C4D0E93008F2EF6 /* HomeStatuses */ = {
			isa = PBXGroup;
			children = (
				E491EFA71C4D0E93008F2EF6 /* SWHomeStatusesParam.h */,
				E491EFA81C4D0E93008F2EF6 /* SWHomeStatusesParam.m */,
				E491EFA91C4D0E93008F2EF6 /* SWHomeStatusesResult.h */,
				E491EFAA1C4D0E93008F2EF6 /* SWHomeStatusesResult.m */,
			);
			path = HomeStatuses;
			sourceTree = "<group>";
		};
		E491EFAB1C4D0E93008F2EF6 /* SendStatus */ = {
			isa = PBXGroup;
			children = (
				E491EFAC1C4D0E93008F2EF6 /* SWSendStatusParam.h */,
				E491EFAD1C4D0E93008F2EF6 /* SWSendStatusParam.m */,
				E491EFAE1C4D0E93008F2EF6 /* SWSendStatusResult.h */,
				E491EFAF1C4D0E93008F2EF6 /* SWSendStatusResult.m */,
			);
			path = SendStatus;
			sourceTree = "<group>";
		};
		E491EFB01C4D0E93008F2EF6 /* UserInfo */ = {
			isa = PBXGroup;
			children = (
				E491EFB11C4D0E93008F2EF6 /* SWUserInfoParam.h */,
				E491EFB21C4D0E93008F2EF6 /* SWUserInfoParam.m */,
				E491EFB31C4D0E93008F2EF6 /* SWUserInfoResult.h */,
				E491EFB41C4D0E93008F2EF6 /* SWUserInfoResult.m */,
			);
			path = UserInfo;
			sourceTree = "<group>";
		};
		E491EFC01C4D162C008F2EF6 /* UnreadCount */ = {
			isa = PBXGroup;
			children = (
				E491EFC11C4D164D008F2EF6 /* SWUnreadCountParam.h */,
				E491EFC21C4D164D008F2EF6 /* SWUnreadCountParam.m */,
				E491EFC41C4D16BC008F2EF6 /* SWUnreadCountResult.h */,
				E491EFC51C4D16BC008F2EF6 /* SWUnreadCountResult.m */,
			);
			path = UnreadCount;
			sourceTree = "<group>";
		};
		E4D43B441C42A489006ED4B3 /* Tool */ = {
			isa = PBXGroup;
			children = (
				E4D43B451C42A4C1006ED4B3 /* SWControllerTool.h */,
				E4D43B461C42A4C1006ED4B3 /* SWControllerTool.m */,
				E4D43B4B1C43CD90006ED4B3 /* SWAccountTool.h */,
				E4D43B4C1C43CD90006ED4B3 /* SWAccountTool.m */,
				E491EF771C49EA07008F2EF6 /* SWHttpTool.h */,
				E491EF781C49EA07008F2EF6 /* SWHttpTool.m */,
				E491EF7A1C4BCB73008F2EF6 /* SWStatusTool.h */,
				E491EF7B1C4BCB73008F2EF6 /* SWStatusTool.m */,
				E491EF8F1C4C9EB7008F2EF6 /* SWUserTool.h */,
				E491EF901C4C9EB7008F2EF6 /* SWUserTool.m */,
				E491EF9B1C4CF145008F2EF6 /* SWBaseTool.h */,
				E491EF9C1C4CF145008F2EF6 /* SWBaseTool.m */,
			);
			path = Tool;
			sourceTree = "<group>";
		};
		E4F986F41C3D16B50078E1AA = {
			isa = PBXGroup;
			children = (
				E4F986FF1C3D16B50078E1AA /* SimpleWebe */,
				E4F987191C3D16B50078E1AA /* SimpleWebeTests */,
				E4F987241C3D16B50078E1AA /* SimpleWebeUITests */,
				E4F986FE1C3D16B50078E1AA /* Products */,
				38A1C6E1CDAEBF8A280659DF /* Pods */,
				87F2084822B2932D14B70458 /* Frameworks */,
			);
			sourceTree = "<group>";
		};
		E4F986FE1C3D16B50078E1AA /* Products */ = {
			isa = PBXGroup;
			children = (
				E4F986FD1C3D16B50078E1AA /* SimpleWebe.app */,
				E4F987161C3D16B50078E1AA /* SimpleWebeTests.xctest */,
				E4F987211C3D16B50078E1AA /* SimpleWebeUITests.xctest */,
			);
			name = Products;
			sourceTree = "<group>";
		};
		E4F986FF1C3D16B50078E1AA /* SimpleWebe */ = {
			isa = PBXGroup;
			children = (
				E4F987331C3D16C20078E1AA /* Classes */,
				E4F987001C3D16B50078E1AA /* Supporting Files */,
			);
			path = SimpleWebe;
			sourceTree = "<group>";
		};
		E4F987001C3D16B50078E1AA /* Supporting Files */ = {
			isa = PBXGroup;
			children = (
				E43DECB51C6AF80900D23F9E /* Assets.xcassets */,
				E46E8F491C6AD54D00BA43CA /* EmotionIcons */,
				E4F9870E1C3D16B50078E1AA /* LaunchScreen.storyboard */,
				E4F987111C3D16B50078E1AA /* Info.plist */,
				E4F987011C3D16B50078E1AA /* main.m */,
				E4F472E71C3D335700DB75C6 /* SimpleWebe.pch */,
			);
			name = "Supporting Files";
			sourceTree = "<group>";
		};
		E4F987191C3D16B50078E1AA /* SimpleWebeTests */ = {
			isa = PBXGroup;
			children = (
				E4F9871A1C3D16B50078E1AA /* SimpleWebeTests.m */,
				E4F9871C1C3D16B50078E1AA /* Info.plist */,
			);
			path = SimpleWebeTests;
			sourceTree = "<group>";
		};
		E4F987241C3D16B50078E1AA /* SimpleWebeUITests */ = {
			isa = PBXGroup;
			children = (
				E4F987251C3D16B50078E1AA /* SimpleWebeUITests.m */,
				E4F987271C3D16B50078E1AA /* Info.plist */,
			);
			path = SimpleWebeUITests;
			sourceTree = "<group>";
		};
		E4F987331C3D16C20078E1AA /* Classes */ = {
			isa = PBXGroup;
			children = (
				E4F9873C1C3D16C20078E1AA /* Main(主要) */,
				E4F987381C3D16C20078E1AA /* Home(首页) */,
				E4F987421C3D16C20078E1AA /* Message(消息) */,
				E4F987341C3D16C20078E1AA /* Discover(发现) */,
				E4F987461C3D16C20078E1AA /* Profile(我的) */,
				E4749FC31C40C9F6000593C4 /* Compose(发微博) */,
				E44840791C4138180088975D /* OAuth(授权) */,
			);
			path = Classes;
			sourceTree = "<group>";
		};
		E4F987341C3D16C20078E1AA /* Discover(发现) */ = {
			isa = PBXGroup;
			children = (
				E4F987351C3D16C20078E1AA /* Controller */,
				E4F987361C3D16C20078E1AA /* Model */,
				E4F987371C3D16C20078E1AA /* View */,
			);
			path = "Discover(发现)";
			sourceTree = "<group>";
		};
		E4F987351C3D16C20078E1AA /* Controller */ = {
			isa = PBXGroup;
			children = (
				E4F472EE1C3D34DF00DB75C6 /* SWDiscoverTableViewController.h */,
				E4F472EF1C3D34DF00DB75C6 /* SWDiscoverTableViewController.m */,
			);
			path = Controller;
			sourceTree = "<group>";
		};
		E4F987361C3D16C20078E1AA /* Model */ = {
			isa = PBXGroup;
			children = (
			);
			path = Model;
			sourceTree = "<group>";
		};
		E4F987371C3D16C20078E1AA /* View */ = {
			isa = PBXGroup;
			children = (
			);
			path = View;
			sourceTree = "<group>";
		};
		E4F987381C3D16C20078E1AA /* Home(首页) */ = {
			isa = PBXGroup;
			children = (
				E4F987391C3D16C20078E1AA /* Controller */,
				E4F9873A1C3D16C20078E1AA /* Model */,
				E4F9873B1C3D16C20078E1AA /* View */,
			);
			path = "Home(首页)";
			sourceTree = "<group>";
		};
		E4F987391C3D16C20078E1AA /* Controller */ = {
			isa = PBXGroup;
			children = (
				E4F472E81C3D34BB00DB75C6 /* SWHomeTableViewController.h */,
				E4F472E91C3D34BB00DB75C6 /* SWHomeTableViewController.m */,
				E407173D1C7310F4002775FC /* SWStatusDetailViewController.h */,
				E407173E1C7310F4002775FC /* SWStatusDetailViewController.m */,
			);
			path = Controller;
			sourceTree = "<group>";
		};
		E4F9873A1C3D16C20078E1AA /* Model */ = {
			isa = PBXGroup;
			children = (
				E42560E41C4F3E6E002A34A4 /* Frame */,
				E4755DB51C44ACAF00625D66 /* SWUser.h */,
				E4755DB61C44ACAF00625D66 /* SWUser.m */,
				E4755DB81C44AE9200625D66 /* SWStatus.h */,
				E4755DB91C44AE9200625D66 /* SWStatus.m */,
				E4727B831C44C9EA00DF6CAC /* SWPhoto.h */,
				E4727B841C44C9EA00DF6CAC /* SWPhoto.m */,
				E412EDCA1C68CCF400B6FF72 /* SWRegexResult.h */,
				E412EDCB1C68CCF400B6FF72 /* SWRegexResult.m */,
				E42DC2351C74B21F0076D34E /* SWComment.h */,
				E42DC2361C74B21F0076D34E /* SWComment.m */,
			);
			path = Model;
			sourceTree = "<group>";
		};
		E4F9873B1C3D16C20078E1AA /* View */ = {
			isa = PBXGroup;
			children = (
				E4096FD91C4E70A70031299C /* Cell */,
				E4968E271C45387400CCE503 /* SWLoadMoreFooter.h */,
				E4968E281C45387400CCE503 /* SWLoadMoreFooter.m */,
				E4968E2A1C4538A700CCE503 /* SWLoadMoreFooter.xib */,
			);
			path = View;
			sourceTree = "<group>";
		};
		E4F9873C1C3D16C20078E1AA /* Main(主要) */ = {
			isa = PBXGroup;
			children = (
				E4D43B441C42A489006ED4B3 /* Tool */,
				E4F9873D1C3D16C20078E1AA /* Category */,
				E4F9873E1C3D16C20078E1AA /* Controller */,
				E4F9873F1C3D16C20078E1AA /* Model */,
				E4F987401C3D16C20078E1AA /* Other */,
				E4F987411C3D16C20078E1AA /* View */,
			);
			path = "Main(主要)";
			sourceTree = "<group>";
		};
		E4F9873D1C3D16C20078E1AA /* Category */ = {
			isa = PBXGroup;
			children = (
				E40D1EFC1C5CE2AB00D0E758 /* NSString+Emoji.h */,
				E40D1EFD1C5CE2AB00D0E758 /* NSString+Emoji.m */,
				E4D43B4E1C43FF2F006ED4B3 /* Foundation+Log.m */,
				E41B06C51C3E7B370096B35A /* UIView+Extension.h */,
				E41B06C61C3E7B370096B35A /* UIView+Extension.m */,
				E41661FD1C51EB0D008AF523 /* UIImage+Extension.h */,
				E41661FE1C51EB0D008AF523 /* UIImage+Extension.m */,
				E41B06C81C3E84540096B35A /* UIBarButtonItem+SWExtension.h */,
				E41B06C91C3E84540096B35A /* UIBarButtonItem+SWExtension.m */,
				E4B2A4411C52625100396BCB /* NSDate+Extension.h */,
				E4B2A4421C52625100396BCB /* NSDate+Extension.m */,
			);
			path = Category;
			sourceTree = "<group>";
		};
		E4F9873E1C3D16C20078E1AA /* Controller */ = {
			isa = PBXGroup;
			children = (
				E4F472E21C3D277900DB75C6 /* SWTabBarViewController.h */,
				E4F472E31C3D277900DB75C6 /* SWTabBarViewController.m */,
				E4F472F41C3D3CFB00DB75C6 /* SWNavigationController.h */,
				E4F472F51C3D3CFB00DB75C6 /* SWNavigationController.m */,
				E407172E1C730288002775FC /* SWCommonViewController.h */,
				E407172F1C730288002775FC /* SWCommonViewController.m */,
			);
			path = Controller;
			sourceTree = "<group>";
		};
		E4F9873F1C3D16C20078E1AA /* Model */ = {
			isa = PBXGroup;
			children = (
				E42DC22E1C74B1350076D34E /* Comments */,
				E40717181C71D635002775FC /* Common */,
				E491EFC01C4D162C008F2EF6 /* UnreadCount */,
				E491EFA11C4D0E93008F2EF6 /* AccessToken */,
				E491EFA61C4D0E93008F2EF6 /* HomeStatuses */,
				E491EFAB1C4D0E93008F2EF6 /* SendStatus */,
				E491EFB01C4D0E93008F2EF6 /* UserInfo */,
				E491EFBD1C4D116A008F2EF6 /* SWBaseParam.h */,
				E491EFBE1C4D116A008F2EF6 /* SWBaseParam.m */,
			);
			path = Model;
			sourceTree = "<group>";
		};
		E4F987401C3D16C20078E1AA /* Other */ = {
			isa = PBXGroup;
			children = (
				E424A2081C590C3C00AFE2DA /* MJPhotoBrowser */,
				E4F987031C3D16B50078E1AA /* AppDelegate.h */,
				E4F987041C3D16B50078E1AA /* AppDelegate.m */,
			);
			path = Other;
			sourceTree = "<group>";
		};
		E4F987411C3D16C20078E1AA /* View */ = {
			isa = PBXGroup;
			children = (
				E4749FC01C40B962000593C4 /* SWTabBar.h */,
				E4749FC11C40B962000593C4 /* SWTabBar.m */,
				E407171F1C71DD1E002775FC /* SWCommonCell.h */,
				E40717201C71DD1E002775FC /* SWCommonCell.m */,
				E407172B1C72EEF6002775FC /* SWBadgeView.h */,
				E407172C1C72EEF6002775FC /* SWBadgeView.m */,
			);
			path = View;
			sourceTree = "<group>";
		};
		E4F987421C3D16C20078E1AA /* Message(消息) */ = {
			isa = PBXGroup;
			children = (
				E4F987431C3D16C20078E1AA /* Controller */,
				E4F987441C3D16C20078E1AA /* Model */,
				E4F987451C3D16C20078E1AA /* View */,
			);
			path = "Message(消息)";
			sourceTree = "<group>";
		};
		E4F987431C3D16C20078E1AA /* Controller */ = {
			isa = PBXGroup;
			children = (
				E4F472EB1C3D34CA00DB75C6 /* SWMessageTableViewController.h */,
				E4F472EC1C3D34CA00DB75C6 /* SWMessageTableViewController.m */,
			);
			path = Controller;
			sourceTree = "<group>";
		};
		E4F987441C3D16C20078E1AA /* Model */ = {
			isa = PBXGroup;
			children = (
			);
			path = Model;
			sourceTree = "<group>";
		};
		E4F987451C3D16C20078E1AA /* View */ = {
			isa = PBXGroup;
			children = (
			);
			path = View;
			sourceTree = "<group>";
		};
		E4F987461C3D16C20078E1AA /* Profile(我的) */ = {
			isa = PBXGroup;
			children = (
				E4F987471C3D16C20078E1AA /* Controller */,
				E4F987481C3D16C20078E1AA /* Model */,
				E4F987491C3D16C20078E1AA /* View */,
			);
			path = "Profile(我的)";
			sourceTree = "<group>";
		};
		E4F987471C3D16C20078E1AA /* Controller */ = {
			isa = PBXGroup;
			children = (
				E4F472F11C3D34EE00DB75C6 /* SWProfileTableViewController.h */,
				E4F472F21C3D34EE00DB75C6 /* SWProfileTableViewController.m */,
				E40717341C73049E002775FC /* SWSettingViewController.h */,
				E40717351C73049E002775FC /* SWSettingViewController.m */,
				E40717371C730527002775FC /* SWGeneralSettingViewController.h */,
				E40717381C730527002775FC /* SWGeneralSettingViewController.m */,
			);
			path = Controller;
			sourceTree = "<group>";
		};
		E4F987481C3D16C20078E1AA /* Model */ = {
			isa = PBXGroup;
			children = (
			);
			path = Model;
			sourceTree = "<group>";
		};
		E4F987491C3D16C20078E1AA /* View */ = {
			isa = PBXGroup;
			children = (
			);
			path = View;
			sourceTree = "<group>";
		};
/* End PBXGroup section */

/* Begin PBXNativeTarget section */
		E4F986FC1C3D16B50078E1AA /* SimpleWebe */ = {
			isa = PBXNativeTarget;
			buildConfigurationList = E4F9872A1C3D16B50078E1AA /* Build configuration list for PBXNativeTarget "SimpleWebe" */;
			buildPhases = (
				CB413F89D05624A50BCA19F2 /* Check Pods Manifest.lock */,
				E4F986F91C3D16B50078E1AA /* Sources */,
				E4F986FA1C3D16B50078E1AA /* Frameworks */,
				E4F986FB1C3D16B50078E1AA /* Resources */,
				59AAB149BCAFCC168043BAD8 /* Embed Pods Frameworks */,
				D6460EE16FB24541046EC14E /* Copy Pods Resources */,
			);
			buildRules = (
			);
			dependencies = (
			);
			name = SimpleWebe;
			productName = SimpleWebe;
			productReference = E4F986FD1C3D16B50078E1AA /* SimpleWebe.app */;
			productType = "com.apple.product-type.application";
		};
		E4F987151C3D16B50078E1AA /* SimpleWebeTests */ = {
			isa = PBXNativeTarget;
			buildConfigurationList = E4F9872D1C3D16B50078E1AA /* Build configuration list for PBXNativeTarget "SimpleWebeTests" */;
			buildPhases = (
				E4F987121C3D16B50078E1AA /* Sources */,
				E4F987131C3D16B50078E1AA /* Frameworks */,
				E4F987141C3D16B50078E1AA /* Resources */,
			);
			buildRules = (
			);
			dependencies = (
				E4F987181C3D16B50078E1AA /* PBXTargetDependency */,
			);
			name = SimpleWebeTests;
			productName = SimpleWebeTests;
			productReference = E4F987161C3D16B50078E1AA /* SimpleWebeTests.xctest */;
			productType = "com.apple.product-type.bundle.unit-test";
		};
		E4F987201C3D16B50078E1AA /* SimpleWebeUITests */ = {
			isa = PBXNativeTarget;
			buildConfigurationList = E4F987301C3D16B50078E1AA /* Build configuration list for PBXNativeTarget "SimpleWebeUITests" */;
			buildPhases = (
				E4F9871D1C3D16B50078E1AA /* Sources */,
				E4F9871E1C3D16B50078E1AA /* Frameworks */,
				E4F9871F1C3D16B50078E1AA /* Resources */,
			);
			buildRules = (
			);
			dependencies = (
				E4F987231C3D16B50078E1AA /* PBXTargetDependency */,
			);
			name = SimpleWebeUITests;
			productName = SimpleWebeUITests;
			productReference = E4F987211C3D16B50078E1AA /* SimpleWebeUITests.xctest */;
			productType = "com.apple.product-type.bundle.ui-testing";
		};
/* End PBXNativeTarget section */

/* Begin PBXProject section */
		E4F986F51C3D16B50078E1AA /* Project object */ = {
			isa = PBXProject;
			attributes = {
				CLASSPREFIX = SW;
				KnownAssetTags = (
					New,
				);
				LastUpgradeCheck = 0720;
				ORGANIZATIONNAME = ehongzhen;
				TargetAttributes = {
					E4F986FC1C3D16B50078E1AA = {
						CreatedOnToolsVersion = 7.2;
						DevelopmentTeam = 2EWQ7L7QV9;
					};
					E4F987151C3D16B50078E1AA = {
						CreatedOnToolsVersion = 7.2;
						DevelopmentTeam = 2EWQ7L7QV9;
						TestTargetID = E4F986FC1C3D16B50078E1AA;
					};
					E4F987201C3D16B50078E1AA = {
						CreatedOnToolsVersion = 7.2;
						DevelopmentTeam = 2EWQ7L7QV9;
						TestTargetID = E4F986FC1C3D16B50078E1AA;
					};
				};
			};
			buildConfigurationList = E4F986F81C3D16B50078E1AA /* Build configuration list for PBXProject "SimpleWebe" */;
			compatibilityVersion = "Xcode 3.2";
			developmentRegion = English;
			hasScannedForEncodings = 0;
			knownRegions = (
				en,
				Base,
			);
			mainGroup = E4F986F41C3D16B50078E1AA;
			productRefGroup = E4F986FE1C3D16B50078E1AA /* Products */;
			projectDirPath = "";
			projectRoot = "";
			targets = (
				E4F986FC1C3D16B50078E1AA /* SimpleWebe */,
				E4F987151C3D16B50078E1AA /* SimpleWebeTests */,
				E4F987201C3D16B50078E1AA /* SimpleWebeUITests */,
			);
		};
/* End PBXProject section */

/* Begin PBXResourcesBuildPhase section */
		E4F986FB1C3D16B50078E1AA /* Resources */ = {
			isa = PBXResourcesBuildPhase;
			buildActionMask = 2147483647;
			files = (
				E4968E2B1C4538A700CCE503 /* SWLoadMoreFooter.xib in Resources */,
				E424A2191C590C3C00AFE2DA /* MJPhotoBrowser.bundle in Resources */,
				E42DC22D1C7362170076D34E /* SWStatusDetailTopToolbar.xib in Resources */,
				E46E8F4A1C6AD54D00BA43CA /* EmotionIcons in Resources */,
				E40D1F061C5DA94200D0E758 /* SWEmotionPopView.xib in Resources */,
				E43DECB61C6AF80900D23F9E /* Assets.xcassets in Resources */,
				E4F987101C3D16B50078E1AA /* LaunchScreen.storyboard in Resources */,
			);
			runOnlyForDeploymentPostprocessing = 0;
		};
		E4F987141C3D16B50078E1AA /* Resources */ = {
			isa = PBXResourcesBuildPhase;
			buildActionMask = 2147483647;
			files = (
			);
			runOnlyForDeploymentPostprocessing = 0;
		};
		E4F9871F1C3D16B50078E1AA /* Resources */ = {
			isa = PBXResourcesBuildPhase;
			buildActionMask = 2147483647;
			files = (
			);
			runOnlyForDeploymentPostprocessing = 0;
		};
/* End PBXResourcesBuildPhase section */

/* Begin PBXShellScriptBuildPhase section */
		59AAB149BCAFCC168043BAD8 /* Embed Pods Frameworks */ = {
			isa = PBXShellScriptBuildPhase;
			buildActionMask = 2147483647;
			files = (
			);
			inputPaths = (
			);
			name = "Embed Pods Frameworks";
			outputPaths = (
			);
			runOnlyForDeploymentPostprocessing = 0;
			shellPath = /bin/sh;
			shellScript = "\"${SRCROOT}/Pods/Target Support Files/Pods-SimpleWebe/Pods-SimpleWebe-frameworks.sh\"\n";
			showEnvVarsInLog = 0;
		};
		CB413F89D05624A50BCA19F2 /* Check Pods Manifest.lock */ = {
			isa = PBXShellScriptBuildPhase;
			buildActionMask = 2147483647;
			files = (
			);
			inputPaths = (
			);
			name = "Check Pods Manifest.lock";
			outputPaths = (
			);
			runOnlyForDeploymentPostprocessing = 0;
			shellPath = /bin/sh;
			shellScript = "diff \"${PODS_ROOT}/../Podfile.lock\" \"${PODS_ROOT}/Manifest.lock\" > /dev/null\nif [[ $? != 0 ]] ; then\n    cat << EOM\nerror: The sandbox is not in sync with the Podfile.lock. Run 'pod install' or update your CocoaPods installation.\nEOM\n    exit 1\nfi\n";
			showEnvVarsInLog = 0;
		};
		D6460EE16FB24541046EC14E /* Copy Pods Resources */ = {
			isa = PBXShellScriptBuildPhase;
			buildActionMask = 2147483647;
			files = (
			);
			inputPaths = (
			);
			name = "Copy Pods Resources";
			outputPaths = (
			);
			runOnlyForDeploymentPostprocessing = 0;
			shellPath = /bin/sh;
			shellScript = "\"${SRCROOT}/Pods/Target Support Files/Pods-SimpleWebe/Pods-SimpleWebe-resources.sh\"\n";
			showEnvVarsInLog = 0;
		};
/* End PBXShellScriptBuildPhase section */

/* Begin PBXSourcesBuildPhase section */
		E4F986F91C3D16B50078E1AA /* Sources */ = {
			isa = PBXSourcesBuildPhase;
			buildActionMask = 2147483647;
			files = (
				E4B2A4431C52625100396BCB /* NSDate+Extension.m in Sources */,
				E42560E71C4F3E6E002A34A4 /* SWStatusFrame.m in Sources */,
				E4096FE81C4E712C0031299C /* SWStatusRetweetedView.m in Sources */,
				E412EDC91C68C5F600B6FF72 /* SWEmotionTextAttachment.m in Sources */,
				E42DC22B1C7359290076D34E /* SWStatusDetailTopToolbar.m in Sources */,
				E491EF761C47DFAD008F2EF6 /* SWComposePhotosView.m in Sources */,
				E42DC2371C74B21F0076D34E /* SWComment.m in Sources */,
				E41B06CA1C3E84540096B35A /* UIBarButtonItem+SWExtension.m in Sources */,
				E46F2E141C45F8FF008A10BA /* SWTextView.m in Sources */,
				E491EFBA1C4D0E93008F2EF6 /* SWSendStatusResult.m in Sources */,
				E40717391C730527002775FC /* SWGeneralSettingViewController.m in Sources */,
				E40D1F0F1C62382500D0E758 /* SWEmotionTextView.m in Sources */,
				E407172D1C72EEF6002775FC /* SWBadgeView.m in Sources */,
				E424A21D1C590C3C00AFE2DA /* MJPhotoToolbar.m in Sources */,
				E43DECB91C6F5F6000D23F9E /* SWStatusLabel.m in Sources */,
				E40717241C72C96C002775FC /* SWCommonArrowItem.m in Sources */,
				E41B06C71C3E7B370096B35A /* UIView+Extension.m in Sources */,
				E491EFB61C4D0E93008F2EF6 /* SWAccount.m in Sources */,
				E407171B1C71D654002775FC /* SWCommonItem.m in Sources */,
				E424A21E1C590C3C00AFE2DA /* MJPhotoView.m in Sources */,
				E448407F1C4138660088975D /* SWOAuthViewController.m in Sources */,
				E491EF791C49EA07008F2EF6 /* SWHttpTool.m in Sources */,
				E407172A1C72E4A9002775FC /* SWCommonLabelItem.m in Sources */,
				E42DC2341C74B1B40076D34E /* SWCommentsResult.m in Sources */,
				E491EFBB1C4D0E93008F2EF6 /* SWUserInfoParam.m in Sources */,
				E4D43B471C42A4C1006ED4B3 /* SWControllerTool.m in Sources */,
				E4F472F01C3D34DF00DB75C6 /* SWDiscoverTableViewController.m in Sources */,
				E40D1F041C5DA90E00D0E758 /* SWEmotionPopView.m in Sources */,
				E4D43B4F1C43FF2F006ED4B3 /* Foundation+Log.m in Sources */,
				E491EFB71C4D0E93008F2EF6 /* SWHomeStatusesParam.m in Sources */,
				E424A2291C5A293700AFE2DA /* SWEmotionListView.m in Sources */,
				E491EFC61C4D16BC008F2EF6 /* SWUnreadCountResult.m in Sources */,
				E4096FE11C4E70A70031299C /* SWStatusTableViewCell.m in Sources */,
				E4B2A4491C5496ED00396BCB /* SWStatusPhotosView.m in Sources */,
				E4755DBA1C44AE9200625D66 /* SWStatus.m in Sources */,
				E407173F1C7310F4002775FC /* SWStatusDetailViewController.m in Sources */,
				E4096FE01C4E70A70031299C /* SWStatusDetailView.m in Sources */,
				E40D1EFB1C5C7D4A00D0E758 /* SWEmotionGridView.m in Sources */,
				E491EFBF1C4D116A008F2EF6 /* SWBaseParam.m in Sources */,
				E4F472F61C3D3CFB00DB75C6 /* SWNavigationController.m in Sources */,
				E491EFBC1C4D0E93008F2EF6 /* SWUserInfoResult.m in Sources */,
				E40717301C730288002775FC /* SWCommonViewController.m in Sources */,
				E424A2181C590C3C00AFE2DA /* MJPhoto.m in Sources */,
				E42DC23A1C74B53C0076D34E /* SWCommentsParam.m in Sources */,
				E4F472ED1C3D34CA00DB75C6 /* SWMessageTableViewController.m in Sources */,
				E491EFC31C4D164D008F2EF6 /* SWUnreadCountParam.m in Sources */,
				E40D1F0C1C5FA78200D0E758 /* SWEmotionTool.m in Sources */,
				E42DC2281C7358B50076D34E /* SWStatusDetailBottomToolbar.m in Sources */,
				E491EF7C1C4BCB73008F2EF6 /* SWStatusTool.m in Sources */,
				E419DD6E1C4FD49700EEEFA9 /* SWStatusRetweetedFrame.m in Sources */,
				E40D1EFE1C5CE2AB00D0E758 /* NSString+Emoji.m in Sources */,
				E424A22F1C5A366700AFE2DA /* SWEmotion.m in Sources */,
				E412EDCC1C68CCF400B6FF72 /* SWRegexResult.m in Sources */,
				E491EF9D1C4CF145008F2EF6 /* SWBaseTool.m in Sources */,
				E491EF911C4C9EB7008F2EF6 /* SWUserTool.m in Sources */,
				E499FCA41C4751F700CC3753 /* SWComposeToolbar.m in Sources */,
				E407174F1C73443D002775FC /* SWStatusToolbar.m in Sources */,
				E407171E1C71D675002775FC /* SWCommonGroup.m in Sources */,
				E42560EA1C4F3ED4002A34A4 /* SWStatusOriginalFrame.m in Sources */,
				E4F472EA1C3D34BB00DB75C6 /* SWHomeTableViewController.m in Sources */,
				E491EFB81C4D0E93008F2EF6 /* SWHomeStatusesResult.m in Sources */,
				E4968E291C45387400CCE503 /* SWLoadMoreFooter.m in Sources */,
				E424A2261C5A228B00AFE2DA /* SWEmotionKeyboard.m in Sources */,
				E4749FC21C40B962000593C4 /* SWTabBar.m in Sources */,
				E4096FE51C4E71160031299C /* SWStatusOriginalView.m in Sources */,
				E4727B851C44C9EA00DF6CAC /* SWPhoto.m in Sources */,
				E491EFB91C4D0E93008F2EF6 /* SWSendStatusParam.m in Sources */,
				E4749FC91C40CA49000593C4 /* SWComposeViewController.m in Sources */,
				E40717211C71DD1E002775FC /* SWCommonCell.m in Sources */,
				E40717171C71B8AE002775FC /* SWCellLink.m in Sources */,
				E41661FF1C51EB0D008AF523 /* UIImage+Extension.m in Sources */,
				E407173C1C7307CA002775FC /* SWCommonCenterItem.m in Sources */,
				E424A21B1C590C3C00AFE2DA /* MJPhotoLoadingView.m in Sources */,
				E491EFB51C4D0E93008F2EF6 /* SWAccessTokenParam.m in Sources */,
				E40D1F011C5CFB0500D0E758 /* SWEmotionView.m in Sources */,
				E419DD6B1C4F5B8000EEEFA9 /* SWStatusDetailFrame.m in Sources */,
				E4F987051C3D16B50078E1AA /* AppDelegate.m in Sources */,
				E4B2A44C1C54970E00396BCB /* SWStatusPhotoView.m in Sources */,
				E40717271C72C996002775FC /* SWCommonSwitchItem.m in Sources */,
				E40717361C73049E002775FC /* SWSettingViewController.m in Sources */,
				E4F987021C3D16B50078E1AA /* main.m in Sources */,
				E42DC2251C7358A00076D34E /* SWStatusRetweetedToolbar.m in Sources */,
				E4F472F31C3D34EE00DB75C6 /* SWProfileTableViewController.m in Sources */,
				E424A21F1C590C3C00AFE2DA /* SDWebImageManager+MJ.m in Sources */,
				E424A22C1C5A345500AFE2DA /* SWEmotionToolbar.m in Sources */,
				E4F472E41C3D277900DB75C6 /* SWTabBarViewController.m in Sources */,
				E424A21A1C590C3C00AFE2DA /* MJPhotoBrowser.m in Sources */,
				E4755DB71C44ACAF00625D66 /* SWUser.m in Sources */,
				E424A21C1C590C3C00AFE2DA /* MJPhotoProgressView.m in Sources */,
				E4D43B4D1C43CD90006ED4B3 /* SWAccountTool.m in Sources */,
				E407174D1C73443D002775FC /* SWBaseToolbar.m in Sources */,
			);
			runOnlyForDeploymentPostprocessing = 0;
		};
		E4F987121C3D16B50078E1AA /* Sources */ = {
			isa = PBXSourcesBuildPhase;
			buildActionMask = 2147483647;
			files = (
				E4F9871B1C3D16B50078E1AA /* SimpleWebeTests.m in Sources */,
			);
			runOnlyForDeploymentPostprocessing = 0;
		};
		E4F9871D1C3D16B50078E1AA /* Sources */ = {
			isa = PBXSourcesBuildPhase;
			buildActionMask = 2147483647;
			files = (
				E4F987261C3D16B50078E1AA /* SimpleWebeUITests.m in Sources */,
			);
			runOnlyForDeploymentPostprocessing = 0;
		};
/* End PBXSourcesBuildPhase section */

/* Begin PBXTargetDependency section */
		E4F987181C3D16B50078E1AA /* PBXTargetDependency */ = {
			isa = PBXTargetDependency;
			target = E4F986FC1C3D16B50078E1AA /* SimpleWebe */;
			targetProxy = E4F987171C3D16B50078E1AA /* PBXContainerItemProxy */;
		};
		E4F987231C3D16B50078E1AA /* PBXTargetDependency */ = {
			isa = PBXTargetDependency;
			target = E4F986FC1C3D16B50078E1AA /* SimpleWebe */;
			targetProxy = E4F987221C3D16B50078E1AA /* PBXContainerItemProxy */;
		};
/* End PBXTargetDependency section */

/* Begin PBXVariantGroup section */
		E4F9870E1C3D16B50078E1AA /* LaunchScreen.storyboard */ = {
			isa = PBXVariantGroup;
			children = (
				E4F9870F1C3D16B50078E1AA /* Base */,
			);
			name = LaunchScreen.storyboard;
			sourceTree = "<group>";
		};
/* End PBXVariantGroup section */

/* Begin XCBuildConfiguration section */
		E4F987281C3D16B50078E1AA /* Debug */ = {
			isa = XCBuildConfiguration;
			buildSettings = {
				ALWAYS_SEARCH_USER_PATHS = NO;
				CLANG_CXX_LANGUAGE_STANDARD = "gnu++0x";
				CLANG_CXX_LIBRARY = "libc++";
				CLANG_ENABLE_MODULES = YES;
				CLANG_ENABLE_OBJC_ARC = YES;
				CLANG_WARN_BOOL_CONVERSION = YES;
				CLANG_WARN_CONSTANT_CONVERSION = YES;
				CLANG_WARN_DIRECT_OBJC_ISA_USAGE = YES_ERROR;
				CLANG_WARN_EMPTY_BODY = YES;
				CLANG_WARN_ENUM_CONVERSION = YES;
				CLANG_WARN_INT_CONVERSION = YES;
				CLANG_WARN_OBJC_ROOT_CLASS = YES_ERROR;
				CLANG_WARN_UNREACHABLE_CODE = YES;
				CLANG_WARN__DUPLICATE_METHOD_MATCH = YES;
				"CODE_SIGN_IDENTITY[sdk=iphoneos*]" = "iPhone Developer";
				COPY_PHASE_STRIP = NO;
				DEBUG_INFORMATION_FORMAT = dwarf;
				ENABLE_STRICT_OBJC_MSGSEND = YES;
				ENABLE_TESTABILITY = YES;
				GCC_C_LANGUAGE_STANDARD = gnu99;
				GCC_DYNAMIC_NO_PIC = NO;
				GCC_NO_COMMON_BLOCKS = YES;
				GCC_OPTIMIZATION_LEVEL = 0;
				GCC_PREPROCESSOR_DEFINITIONS = (
					"DEBUG=1",
					"$(inherited)",
				);
				GCC_WARN_64_TO_32_BIT_CONVERSION = YES;
				GCC_WARN_ABOUT_RETURN_TYPE = YES_ERROR;
				GCC_WARN_UNDECLARED_SELECTOR = YES;
				GCC_WARN_UNINITIALIZED_AUTOS = YES_AGGRESSIVE;
				GCC_WARN_UNUSED_FUNCTION = YES;
				GCC_WARN_UNUSED_VARIABLE = YES;
				IPHONEOS_DEPLOYMENT_TARGET = 9.2;
				MTL_ENABLE_DEBUG_INFO = YES;
				ONLY_ACTIVE_ARCH = YES;
				SDKROOT = iphoneos;
			};
			name = Debug;
		};
		E4F987291C3D16B50078E1AA /* Release */ = {
			isa = XCBuildConfiguration;
			buildSettings = {
				ALWAYS_SEARCH_USER_PATHS = NO;
				CLANG_CXX_LANGUAGE_STANDARD = "gnu++0x";
				CLANG_CXX_LIBRARY = "libc++";
				CLANG_ENABLE_MODULES = YES;
				CLANG_ENABLE_OBJC_ARC = YES;
				CLANG_WARN_BOOL_CONVERSION = YES;
				CLANG_WARN_CONSTANT_CONVERSION = YES;
				CLANG_WARN_DIRECT_OBJC_ISA_USAGE = YES_ERROR;
				CLANG_WARN_EMPTY_BODY = YES;
				CLANG_WARN_ENUM_CONVERSION = YES;
				CLANG_WARN_INT_CONVERSION = YES;
				CLANG_WARN_OBJC_ROOT_CLASS = YES_ERROR;
				CLANG_WARN_UNREACHABLE_CODE = YES;
				CLANG_WARN__DUPLICATE_METHOD_MATCH = YES;
				"CODE_SIGN_IDENTITY[sdk=iphoneos*]" = "iPhone Developer";
				COPY_PHASE_STRIP = NO;
				DEBUG_INFORMATION_FORMAT = "dwarf-with-dsym";
				ENABLE_NS_ASSERTIONS = NO;
				ENABLE_STRICT_OBJC_MSGSEND = YES;
				GCC_C_LANGUAGE_STANDARD = gnu99;
				GCC_NO_COMMON_BLOCKS = YES;
				GCC_WARN_64_TO_32_BIT_CONVERSION = YES;
				GCC_WARN_ABOUT_RETURN_TYPE = YES_ERROR;
				GCC_WARN_UNDECLARED_SELECTOR = YES;
				GCC_WARN_UNINITIALIZED_AUTOS = YES_AGGRESSIVE;
				GCC_WARN_UNUSED_FUNCTION = YES;
				GCC_WARN_UNUSED_VARIABLE = YES;
				IPHONEOS_DEPLOYMENT_TARGET = 9.2;
				MTL_ENABLE_DEBUG_INFO = NO;
				SDKROOT = iphoneos;
				VALIDATE_PRODUCT = YES;
			};
			name = Release;
		};
		E4F9872B1C3D16B50078E1AA /* Debug */ = {
			isa = XCBuildConfiguration;
			baseConfigurationReference = 60593868B78F5CAD0E6CB029 /* Pods-SimpleWebe.debug.xcconfig */;
			buildSettings = {
				ASSETCATALOG_COMPILER_APPICON_NAME = AppIcon;
				GCC_PREFIX_HEADER = /Users/ehongzhen/Documents/SimpleWebe/SimpleWebe/SimpleWebe.pch;
				INFOPLIST_FILE = SimpleWebe/Info.plist;
				LD_RUNPATH_SEARCH_PATHS = "$(inherited) @executable_path/Frameworks";
				OTHER_LDFLAGS = (
					"-all_load",
					"$(inherited)",
				);
				PRODUCT_BUNDLE_IDENTIFIER = com.ehongzhen.SimpleWebe;
				PRODUCT_NAME = "$(TARGET_NAME)";
			};
			name = Debug;
		};
		E4F9872C1C3D16B50078E1AA /* Release */ = {
			isa = XCBuildConfiguration;
			baseConfigurationReference = D6CF028E984F43FCC90CB5D2 /* Pods-SimpleWebe.release.xcconfig */;
			buildSettings = {
				ASSETCATALOG_COMPILER_APPICON_NAME = AppIcon;
				GCC_PREFIX_HEADER = /Users/ehongzhen/Documents/SimpleWebe/SimpleWebe/SimpleWebe.pch;
				INFOPLIST_FILE = SimpleWebe/Info.plist;
				LD_RUNPATH_SEARCH_PATHS = "$(inherited) @executable_path/Frameworks";
				OTHER_LDFLAGS = (
					"-all_load",
					"$(inherited)",
				);
				PRODUCT_BUNDLE_IDENTIFIER = com.ehongzhen.SimpleWebe;
				PRODUCT_NAME = "$(TARGET_NAME)";
			};
			name = Release;
		};
		E4F9872E1C3D16B50078E1AA /* Debug */ = {
			isa = XCBuildConfiguration;
			buildSettings = {
				BUNDLE_LOADER = "$(TEST_HOST)";
				INFOPLIST_FILE = SimpleWebeTests/Info.plist;
				LD_RUNPATH_SEARCH_PATHS = "$(inherited) @executable_path/Frameworks @loader_path/Frameworks";
				PRODUCT_BUNDLE_IDENTIFIER = com.ehongzhen.SimpleWebeTests;
				PRODUCT_NAME = "$(TARGET_NAME)";
				TEST_HOST = "$(BUILT_PRODUCTS_DIR)/SimpleWebe.app/SimpleWebe";
			};
			name = Debug;
		};
		E4F9872F1C3D16B50078E1AA /* Release */ = {
			isa = XCBuildConfiguration;
			buildSettings = {
				BUNDLE_LOADER = "$(TEST_HOST)";
				INFOPLIST_FILE = SimpleWebeTests/Info.plist;
				LD_RUNPATH_SEARCH_PATHS = "$(inherited) @executable_path/Frameworks @loader_path/Frameworks";
				PRODUCT_BUNDLE_IDENTIFIER = com.ehongzhen.SimpleWebeTests;
				PRODUCT_NAME = "$(TARGET_NAME)";
				TEST_HOST = "$(BUILT_PRODUCTS_DIR)/SimpleWebe.app/SimpleWebe";
			};
			name = Release;
		};
		E4F987311C3D16B50078E1AA /* Debug */ = {
			isa = XCBuildConfiguration;
			buildSettings = {
				INFOPLIST_FILE = SimpleWebeUITests/Info.plist;
				LD_RUNPATH_SEARCH_PATHS = "$(inherited) @executable_path/Frameworks @loader_path/Frameworks";
				PRODUCT_BUNDLE_IDENTIFIER = com.ehongzhen.SimpleWebeUITests;
				PRODUCT_NAME = "$(TARGET_NAME)";
				TEST_TARGET_NAME = SimpleWebe;
				USES_XCTRUNNER = YES;
			};
			name = Debug;
		};
		E4F987321C3D16B50078E1AA /* Release */ = {
			isa = XCBuildConfiguration;
			buildSettings = {
				INFOPLIST_FILE = SimpleWebeUITests/Info.plist;
				LD_RUNPATH_SEARCH_PATHS = "$(inherited) @executable_path/Frameworks @loader_path/Frameworks";
				PRODUCT_BUNDLE_IDENTIFIER = com.ehongzhen.SimpleWebeUITests;
				PRODUCT_NAME = "$(TARGET_NAME)";
				TEST_TARGET_NAME = SimpleWebe;
				USES_XCTRUNNER = YES;
			};
			name = Release;
		};
/* End XCBuildConfiguration section */

/* Begin XCConfigurationList section */
		E4F986F81C3D16B50078E1AA /* Build configuration list for PBXProject "SimpleWebe" */ = {
			isa = XCConfigurationList;
			buildConfigurations = (
				E4F987281C3D16B50078E1AA /* Debug */,
				E4F987291C3D16B50078E1AA /* Release */,
			);
			defaultConfigurationIsVisible = 0;
			defaultConfigurationName = Release;
		};
		E4F9872A1C3D16B50078E1AA /* Build configuration list for PBXNativeTarget "SimpleWebe" */ = {
			isa = XCConfigurationList;
			buildConfigurations = (
				E4F9872B1C3D16B50078E1AA /* Debug */,
				E4F9872C1C3D16B50078E1AA /* Release */,
			);
			defaultConfigurationIsVisible = 0;
			defaultConfigurationName = Release;
		};
		E4F9872D1C3D16B50078E1AA /* Build configuration list for PBXNativeTarget "SimpleWebeTests" */ = {
			isa = XCConfigurationList;
			buildConfigurations = (
				E4F9872E1C3D16B50078E1AA /* Debug */,
				E4F9872F1C3D16B50078E1AA /* Release */,
			);
			defaultConfigurationIsVisible = 0;
			defaultConfigurationName = Release;
		};
		E4F987301C3D16B50078E1AA /* Build configuration list for PBXNativeTarget "SimpleWebeUITests" */ = {
			isa = XCConfigurationList;
			buildConfigurations = (
				E4F987311C3D16B50078E1AA /* Debug */,
				E4F987321C3D16B50078E1AA /* Release */,
			);
			defaultConfigurationIsVisible = 0;
			defaultConfigurationName = Release;
		};
/* End XCConfigurationList section */
	};
	rootObject = E4F986F51C3D16B50078E1AA /* Project object */;
}
